// !$*UTF8*$!
{
	archiveVersion = 1;
	classes = {
	};
	objectVersion = 46;
	objects = {

/* Begin PBXBuildFile section */
		00E356F31AD99517003FC87E /* BaseTests.m in Sources */ = {isa = PBXBuildFile; fileRef = 00E356F21AD99517003FC87E /* BaseTests.m */; };
		0A9BC6B54DA22D8538020049 /* libPods-Base-BaseTests.a in Frameworks */ = {isa = PBXBuildFile; fileRef = 3FFFA902A575616DD3BFD44E /* libPods-Base-BaseTests.a */; };
		13B07FBC1A68108700A75B9A /* AppDelegate.m in Sources */ = {isa = PBXBuildFile; fileRef = 13B07FB01A68108700A75B9A /* AppDelegate.m */; };
		13B07FBF1A68108700A75B9A /* Images.xcassets in Resources */ = {isa = PBXBuildFile; fileRef = 13B07FB51A68108700A75B9A /* Images.xcassets */; };
		13B07FC11A68108700A75B9A /* main.m in Sources */ = {isa = PBXBuildFile; fileRef = 13B07FB71A68108700A75B9A /* main.m */; };
		2D02E4BC1E0B4A80006451C7 /* AppDelegate.m in Sources */ = {isa = PBXBuildFile; fileRef = 13B07FB01A68108700A75B9A /* AppDelegate.m */; };
		2D02E4BD1E0B4A84006451C7 /* Images.xcassets in Resources */ = {isa = PBXBuildFile; fileRef = 13B07FB51A68108700A75B9A /* Images.xcassets */; };
		2D02E4BF1E0B4AB3006451C7 /* main.m in Sources */ = {isa = PBXBuildFile; fileRef = 13B07FB71A68108700A75B9A /* main.m */; };
		2DCD954D1E0B4F2C00145EB5 /* BaseTests.m in Sources */ = {isa = PBXBuildFile; fileRef = 00E356F21AD99517003FC87E /* BaseTests.m */; };
		4F1971ED246D3B8500A9944B /* HttpTool3.m in Sources */ = {isa = PBXBuildFile; fileRef = 4F1971EB246D3B8400A9944B /* HttpTool3.m */; };
		4F1971F0246D3C6D00A9944B /* NetworkRequest.m in Sources */ = {isa = PBXBuildFile; fileRef = 4F1971EE246D3C6D00A9944B /* NetworkRequest.m */; };
		4F73C429250B2A9B00CFBF33 /* AppDelegate+Mob.m in Sources */ = {isa = PBXBuildFile; fileRef = 4F73C428250B2A9B00CFBF33 /* AppDelegate+Mob.m */; };
		4F73C42C250B4B4300CFBF33 /* AppDelegate+UM.m in Sources */ = {isa = PBXBuildFile; fileRef = 4F73C42B250B4B4300CFBF33 /* AppDelegate+UM.m */; };
		4F73C42F250B4CCC00CFBF33 /* ShareModule.m in Sources */ = {isa = PBXBuildFile; fileRef = 4F73C42E250B4CCC00CFBF33 /* ShareModule.m */; };
		4F86E6992488E59D00AFD668 /* JsonConvert.m in Sources */ = {isa = PBXBuildFile; fileRef = 4F86E6982488E59D00AFD668 /* JsonConvert.m */; };
		4FC683B024EA70870098B378 /* ECPrivacyCheckGatherTool.m in Sources */ = {isa = PBXBuildFile; fileRef = 4FC6838F24EA70870098B378 /* ECPrivacyCheckGatherTool.m */; };
		4FC683B124EA70870098B378 /* ECPrivacyCheckMicrophone.m in Sources */ = {isa = PBXBuildFile; fileRef = 4FC6839224EA70870098B378 /* ECPrivacyCheckMicrophone.m */; };
		4FC683B224EA70870098B378 /* ECPrivacyCheckHomeKit.m in Sources */ = {isa = PBXBuildFile; fileRef = 4FC6839424EA70870098B378 /* ECPrivacyCheckHomeKit.m */; };
		4FC683B324EA70870098B378 /* ECPrivacyCheckBluetooth.m in Sources */ = {isa = PBXBuildFile; fileRef = 4FC6839624EA70870098B378 /* ECPrivacyCheckBluetooth.m */; };
		4FC683B424EA70870098B378 /* ECPrivacyCheckCamera.m in Sources */ = {isa = PBXBuildFile; fileRef = 4FC6839724EA70870098B378 /* ECPrivacyCheckCamera.m */; };
		4FC683B524EA70870098B378 /* ECPrivacyCheckLocationServices.m in Sources */ = {isa = PBXBuildFile; fileRef = 4FC6839824EA70870098B378 /* ECPrivacyCheckLocationServices.m */; };
		4FC683B624EA70870098B378 /* ECPrivacyCheckFilesAndFolders.m in Sources */ = {isa = PBXBuildFile; fileRef = 4FC6839C24EA70870098B378 /* ECPrivacyCheckFilesAndFolders.m */; };
		4FC683B724EA70870098B378 /* ECPrivacyCheckCalendars.m in Sources */ = {isa = PBXBuildFile; fileRef = 4FC683A024EA70870098B378 /* ECPrivacyCheckCalendars.m */; };
		4FC683B824EA70870098B378 /* ECPrivacyCheckSpeechRecognition.m in Sources */ = {isa = PBXBuildFile; fileRef = 4FC683A224EA70870098B378 /* ECPrivacyCheckSpeechRecognition.m */; };
		4FC683B924EA70870098B378 /* ECPrivacyCheckMotionAndFitness.m in Sources */ = {isa = PBXBuildFile; fileRef = 4FC683A424EA70870098B378 /* ECPrivacyCheckMotionAndFitness.m */; };
		4FC683BA24EA70870098B378 /* ECPrivacyCheckMediaAndAppleMusic.m in Sources */ = {isa = PBXBuildFile; fileRef = 4FC683A524EA70870098B378 /* ECPrivacyCheckMediaAndAppleMusic.m */; };
		4FC683BB24EA70870098B378 /* ECPrivacyCheckPhotos.m in Sources */ = {isa = PBXBuildFile; fileRef = 4FC683A824EA70870098B378 /* ECPrivacyCheckPhotos.m */; };
		4FC683BC24EA70870098B378 /* ECPrivacyCheckContacts.m in Sources */ = {isa = PBXBuildFile; fileRef = 4FC683AA24EA70870098B378 /* ECPrivacyCheckContacts.m */; };
		4FC683BD24EA70870098B378 /* ECPrivacyCheckHealth.m in Sources */ = {isa = PBXBuildFile; fileRef = 4FC683AB24EA70870098B378 /* ECPrivacyCheckHealth.m */; };
		4FC683BE24EA70870098B378 /* ECPrivacyCheckReminders.m in Sources */ = {isa = PBXBuildFile; fileRef = 4FC683AC24EA70870098B378 /* ECPrivacyCheckReminders.m */; };
		4FCACDA8246CDB0700C34A00 /* QYCustomResource.bundle in Resources */ = {isa = PBXBuildFile; fileRef = 4FCACDA1246CDB0500C34A00 /* QYCustomResource.bundle */; };
		4FCACDA9246CDB0700C34A00 /* QYResource.bundle in Resources */ = {isa = PBXBuildFile; fileRef = 4FCACDA2246CDB0500C34A00 /* QYResource.bundle */; };
		4FCACDAA246CDB0700C34A00 /* QYSDK.podspec in Resources */ = {isa = PBXBuildFile; fileRef = 4FCACDA3246CDB0500C34A00 /* QYSDK.podspec */; };
		4FCACDAC246CDB0700C34A00 /* NIMSDK.podspec in Resources */ = {isa = PBXBuildFile; fileRef = 4FCACDA6246CDB0700C34A00 /* NIMSDK.podspec */; };
		4FCACDAD246CDB1500C34A00 /* NIMSDK.framework in Frameworks */ = {isa = PBXBuildFile; fileRef = 4FCACDA5246CDB0700C34A00 /* NIMSDK.framework */; };
		4FCACDAE246CDB1500C34A00 /* NIMSDK.framework in Embed Frameworks */ = {isa = PBXBuildFile; fileRef = 4FCACDA5246CDB0700C34A00 /* NIMSDK.framework */; settings = {ATTRIBUTES = (CodeSignOnCopy, RemoveHeadersOnCopy, ); }; };
		4FCACDB0246CDB1700C34A00 /* QYSDK.framework in Frameworks */ = {isa = PBXBuildFile; fileRef = 4FCACD9F246CDB0500C34A00 /* QYSDK.framework */; };
		4FCACDB1246CDB1700C34A00 /* QYSDK.framework in Embed Frameworks */ = {isa = PBXBuildFile; fileRef = 4FCACD9F246CDB0500C34A00 /* QYSDK.framework */; settings = {ATTRIBUTES = (CodeSignOnCopy, RemoveHeadersOnCopy, ); }; };
		4FCACDB8246CEAF900C34A00 /* AppDelegate+QY.m in Sources */ = {isa = PBXBuildFile; fileRef = 4FCACDB7246CEAF900C34A00 /* AppDelegate+QY.m */; };
		4FCACDBC246CF22B00C34A00 /* APPCommonMoudle.m in Sources */ = {isa = PBXBuildFile; fileRef = 4FCACDBB246CF22B00C34A00 /* APPCommonMoudle.m */; };
		4FCACDBF246CF6D700C34A00 /* RootViewController.m in Sources */ = {isa = PBXBuildFile; fileRef = 4FCACDBE246CF6D700C34A00 /* RootViewController.m */; };
		4FCACDC0246CF6DC00C34A00 /* RootViewController.m in Sources */ = {isa = PBXBuildFile; fileRef = 4FCACDBE246CF6D700C34A00 /* RootViewController.m */; };
		AC2618498AEEB88AA5AF6FB4 /* libPods-Base.a in Frameworks */ = {isa = PBXBuildFile; fileRef = 060A5B721CCAA5A72BD9DDBC /* libPods-Base.a */; settings = {ATTRIBUTES = (Required, ); }; };
		D1031731F827D23A1AB99608 /* libPods-Base-tvOSTests.a in Frameworks */ = {isa = PBXBuildFile; fileRef = 017D557FA40CA993ED804C66 /* libPods-Base-tvOSTests.a */; };
		F018A10B5DB49447B9DA7420 /* libPods-Base-tvOS.a in Frameworks */ = {isa = PBXBuildFile; fileRef = E0A03E8DA34E394948BDE932 /* libPods-Base-tvOS.a */; };
/* End PBXBuildFile section */

/* Begin PBXContainerItemProxy section */
		00E356F41AD99517003FC87E /* PBXContainerItemProxy */ = {
			isa = PBXContainerItemProxy;
			containerPortal = 83CBB9F71A601CBA00E9B192 /* Project object */;
			proxyType = 1;
			remoteGlobalIDString = 13B07F861A680F5B00A75B9A;
			remoteInfo = Base;
		};
		2D02E4911E0B4A5D006451C7 /* PBXContainerItemProxy */ = {
			isa = PBXContainerItemProxy;
			containerPortal = 83CBB9F71A601CBA00E9B192 /* Project object */;
			proxyType = 1;
			remoteGlobalIDString = 2D02E47A1E0B4A5D006451C7;
			remoteInfo = "Base-tvOS";
		};
/* End PBXContainerItemProxy section */

/* Begin PBXCopyFilesBuildPhase section */
		4FCACDAF246CDB1500C34A00 /* Embed Frameworks */ = {
			isa = PBXCopyFilesBuildPhase;
			buildActionMask = 2147483647;
			dstPath = "";
			dstSubfolderSpec = 10;
			files = (
				4FCACDAE246CDB1500C34A00 /* NIMSDK.framework in Embed Frameworks */,
				4FCACDB1246CDB1700C34A00 /* QYSDK.framework in Embed Frameworks */,
			);
			name = "Embed Frameworks";
			runOnlyForDeploymentPostprocessing = 0;
		};
/* End PBXCopyFilesBuildPhase section */

/* Begin PBXFileReference section */
		008F07F21AC5B25A0029DE68 /* main.jsbundle */ = {isa = PBXFileReference; fileEncoding = 4; lastKnownFileType = text; path = main.jsbundle; sourceTree = "<group>"; };
		00E356EE1AD99517003FC87E /* BaseTests.xctest */ = {isa = PBXFileReference; explicitFileType = wrapper.cfbundle; includeInIndex = 0; path = BaseTests.xctest; sourceTree = BUILT_PRODUCTS_DIR; };
		00E356F11AD99517003FC87E /* Info.plist */ = {isa = PBXFileReference; lastKnownFileType = text.plist.xml; path = Info.plist; sourceTree = "<group>"; };
		00E356F21AD99517003FC87E /* BaseTests.m */ = {isa = PBXFileReference; lastKnownFileType = sourcecode.c.objc; path = BaseTests.m; sourceTree = "<group>"; };
		017D557FA40CA993ED804C66 /* libPods-Base-tvOSTests.a */ = {isa = PBXFileReference; explicitFileType = archive.ar; includeInIndex = 0; path = "libPods-Base-tvOSTests.a"; sourceTree = BUILT_PRODUCTS_DIR; };
		060A5B721CCAA5A72BD9DDBC /* libPods-Base.a */ = {isa = PBXFileReference; explicitFileType = archive.ar; includeInIndex = 0; path = "libPods-Base.a"; sourceTree = BUILT_PRODUCTS_DIR; };
		13B07F961A680F5B00A75B9A /* Base.app */ = {isa = PBXFileReference; explicitFileType = wrapper.application; includeInIndex = 0; path = Base.app; sourceTree = BUILT_PRODUCTS_DIR; };
		13B07FAF1A68108700A75B9A /* AppDelegate.h */ = {isa = PBXFileReference; fileEncoding = 4; lastKnownFileType = sourcecode.c.h; name = AppDelegate.h; path = Base/AppDelegate.h; sourceTree = "<group>"; };
		13B07FB01A68108700A75B9A /* AppDelegate.m */ = {isa = PBXFileReference; fileEncoding = 4; lastKnownFileType = sourcecode.c.objc; name = AppDelegate.m; path = Base/AppDelegate.m; sourceTree = "<group>"; };
		13B07FB51A68108700A75B9A /* Images.xcassets */ = {isa = PBXFileReference; lastKnownFileType = folder.assetcatalog; name = Images.xcassets; path = Base/Images.xcassets; sourceTree = "<group>"; };
		13B07FB61A68108700A75B9A /* Info.plist */ = {isa = PBXFileReference; fileEncoding = 4; lastKnownFileType = text.plist.xml; name = Info.plist; path = Base/Info.plist; sourceTree = "<group>"; };
		13B07FB71A68108700A75B9A /* main.m */ = {isa = PBXFileReference; fileEncoding = 4; lastKnownFileType = sourcecode.c.objc; name = main.m; path = Base/main.m; sourceTree = "<group>"; };
		1AEF131910F453726597B096 /* Pods-Base-BaseTests.debug.xcconfig */ = {isa = PBXFileReference; includeInIndex = 1; lastKnownFileType = text.xcconfig; name = "Pods-Base-BaseTests.debug.xcconfig"; path = "Target Support Files/Pods-Base-BaseTests/Pods-Base-BaseTests.debug.xcconfig"; sourceTree = "<group>"; };
		2D02E47B1E0B4A5D006451C7 /* Base-tvOS.app */ = {isa = PBXFileReference; explicitFileType = wrapper.application; includeInIndex = 0; path = "Base-tvOS.app"; sourceTree = BUILT_PRODUCTS_DIR; };
		2D02E4901E0B4A5D006451C7 /* Base-tvOSTests.xctest */ = {isa = PBXFileReference; explicitFileType = wrapper.cfbundle; includeInIndex = 0; path = "Base-tvOSTests.xctest"; sourceTree = BUILT_PRODUCTS_DIR; };
		3F9A50496C0F000AECB54AEF /* Pods-Base-tvOS.debug.xcconfig */ = {isa = PBXFileReference; includeInIndex = 1; lastKnownFileType = text.xcconfig; name = "Pods-Base-tvOS.debug.xcconfig"; path = "Target Support Files/Pods-Base-tvOS/Pods-Base-tvOS.debug.xcconfig"; sourceTree = "<group>"; };
		3FFFA902A575616DD3BFD44E /* libPods-Base-BaseTests.a */ = {isa = PBXFileReference; explicitFileType = archive.ar; includeInIndex = 0; path = "libPods-Base-BaseTests.a"; sourceTree = BUILT_PRODUCTS_DIR; };
		4DF4C6090CE81511BE6C8346 /* Pods-Base-tvOSTests.release.xcconfig */ = {isa = PBXFileReference; includeInIndex = 1; lastKnownFileType = text.xcconfig; name = "Pods-Base-tvOSTests.release.xcconfig"; path = "Target Support Files/Pods-Base-tvOSTests/Pods-Base-tvOSTests.release.xcconfig"; sourceTree = "<group>"; };
		4F1971EB246D3B8400A9944B /* HttpTool3.m */ = {isa = PBXFileReference; fileEncoding = 4; lastKnownFileType = sourcecode.c.objc; path = HttpTool3.m; sourceTree = "<group>"; };
		4F1971EC246D3B8500A9944B /* HttpTool3.h */ = {isa = PBXFileReference; fileEncoding = 4; lastKnownFileType = sourcecode.c.h; path = HttpTool3.h; sourceTree = "<group>"; };
		4F1971EE246D3C6D00A9944B /* NetworkRequest.m */ = {isa = PBXFileReference; fileEncoding = 4; lastKnownFileType = sourcecode.c.objc; path = NetworkRequest.m; sourceTree = "<group>"; };
		4F1971EF246D3C6D00A9944B /* NetworkRequest.h */ = {isa = PBXFileReference; fileEncoding = 4; lastKnownFileType = sourcecode.c.h; path = NetworkRequest.h; sourceTree = "<group>"; };
		4F73C427250B2A9B00CFBF33 /* AppDelegate+Mob.h */ = {isa = PBXFileReference; lastKnownFileType = sourcecode.c.h; path = "AppDelegate+Mob.h"; sourceTree = "<group>"; };
		4F73C428250B2A9B00CFBF33 /* AppDelegate+Mob.m */ = {isa = PBXFileReference; lastKnownFileType = sourcecode.c.objc; path = "AppDelegate+Mob.m"; sourceTree = "<group>"; };
		4F73C42A250B4B4300CFBF33 /* AppDelegate+UM.h */ = {isa = PBXFileReference; lastKnownFileType = sourcecode.c.h; path = "AppDelegate+UM.h"; sourceTree = "<group>"; };
		4F73C42B250B4B4300CFBF33 /* AppDelegate+UM.m */ = {isa = PBXFileReference; lastKnownFileType = sourcecode.c.objc; path = "AppDelegate+UM.m"; sourceTree = "<group>"; };
		4F73C42D250B4CCC00CFBF33 /* ShareModule.h */ = {isa = PBXFileReference; lastKnownFileType = sourcecode.c.h; path = ShareModule.h; sourceTree = "<group>"; };
		4F73C42E250B4CCC00CFBF33 /* ShareModule.m */ = {isa = PBXFileReference; lastKnownFileType = sourcecode.c.objc; path = ShareModule.m; sourceTree = "<group>"; };
		4F86E6972488E59D00AFD668 /* JsonConvert.h */ = {isa = PBXFileReference; lastKnownFileType = sourcecode.c.h; path = JsonConvert.h; sourceTree = "<group>"; };
		4F86E6982488E59D00AFD668 /* JsonConvert.m */ = {isa = PBXFileReference; lastKnownFileType = sourcecode.c.objc; path = JsonConvert.m; sourceTree = "<group>"; };
		4FC6838E24EA70870098B378 /* ECPrivacyCheckHelp.h */ = {isa = PBXFileReference; fileEncoding = 4; lastKnownFileType = sourcecode.c.h; path = ECPrivacyCheckHelp.h; sourceTree = "<group>"; };
		4FC6838F24EA70870098B378 /* ECPrivacyCheckGatherTool.m */ = {isa = PBXFileReference; fileEncoding = 4; lastKnownFileType = sourcecode.c.objc; path = ECPrivacyCheckGatherTool.m; sourceTree = "<group>"; };
		4FC6839124EA70870098B378 /* ECPrivacyCheckCalendars.h */ = {isa = PBXFileReference; fileEncoding = 4; lastKnownFileType = sourcecode.c.h; path = ECPrivacyCheckCalendars.h; sourceTree = "<group>"; };
		4FC6839224EA70870098B378 /* ECPrivacyCheckMicrophone.m */ = {isa = PBXFileReference; fileEncoding = 4; lastKnownFileType = sourcecode.c.objc; path = ECPrivacyCheckMicrophone.m; sourceTree = "<group>"; };
		4FC6839324EA70870098B378 /* ECPrivacyCheckMotionAndFitness.h */ = {isa = PBXFileReference; fileEncoding = 4; lastKnownFileType = sourcecode.c.h; path = ECPrivacyCheckMotionAndFitness.h; sourceTree = "<group>"; };
		4FC6839424EA70870098B378 /* ECPrivacyCheckHomeKit.m */ = {isa = PBXFileReference; fileEncoding = 4; lastKnownFileType = sourcecode.c.objc; path = ECPrivacyCheckHomeKit.m; sourceTree = "<group>"; };
		4FC6839524EA70870098B378 /* ECPrivacyCheckSpeechRecognition.h */ = {isa = PBXFileReference; fileEncoding = 4; lastKnownFileType = sourcecode.c.h; path = ECPrivacyCheckSpeechRecognition.h; sourceTree = "<group>"; };
		4FC6839624EA70870098B378 /* ECPrivacyCheckBluetooth.m */ = {isa = PBXFileReference; fileEncoding = 4; lastKnownFileType = sourcecode.c.objc; path = ECPrivacyCheckBluetooth.m; sourceTree = "<group>"; };
		4FC6839724EA70870098B378 /* ECPrivacyCheckCamera.m */ = {isa = PBXFileReference; fileEncoding = 4; lastKnownFileType = sourcecode.c.objc; path = ECPrivacyCheckCamera.m; sourceTree = "<group>"; };
		4FC6839824EA70870098B378 /* ECPrivacyCheckLocationServices.m */ = {isa = PBXFileReference; fileEncoding = 4; lastKnownFileType = sourcecode.c.objc; path = ECPrivacyCheckLocationServices.m; sourceTree = "<group>"; };
		4FC6839924EA70870098B378 /* ECPrivacyCheckMediaAndAppleMusic.h */ = {isa = PBXFileReference; fileEncoding = 4; lastKnownFileType = sourcecode.c.h; path = ECPrivacyCheckMediaAndAppleMusic.h; sourceTree = "<group>"; };
		4FC6839A24EA70870098B378 /* ECPrivacyCheckReminders.h */ = {isa = PBXFileReference; fileEncoding = 4; lastKnownFileType = sourcecode.c.h; path = ECPrivacyCheckReminders.h; sourceTree = "<group>"; };
		4FC6839B24EA70870098B378 /* ECPrivacyCheckHealth.h */ = {isa = PBXFileReference; fileEncoding = 4; lastKnownFileType = sourcecode.c.h; path = ECPrivacyCheckHealth.h; sourceTree = "<group>"; };
		4FC6839C24EA70870098B378 /* ECPrivacyCheckFilesAndFolders.m */ = {isa = PBXFileReference; fileEncoding = 4; lastKnownFileType = sourcecode.c.objc; path = ECPrivacyCheckFilesAndFolders.m; sourceTree = "<group>"; };
		4FC6839D24EA70870098B378 /* ECPrivacyCheckContacts.h */ = {isa = PBXFileReference; fileEncoding = 4; lastKnownFileType = sourcecode.c.h; path = ECPrivacyCheckContacts.h; sourceTree = "<group>"; };
		4FC6839E24EA70870098B378 /* ECPrivacyCheckPhotos.h */ = {isa = PBXFileReference; fileEncoding = 4; lastKnownFileType = sourcecode.c.h; path = ECPrivacyCheckPhotos.h; sourceTree = "<group>"; };
		4FC6839F24EA70870098B378 /* ECPrivacyCheckMicrophone.h */ = {isa = PBXFileReference; fileEncoding = 4; lastKnownFileType = sourcecode.c.h; path = ECPrivacyCheckMicrophone.h; sourceTree = "<group>"; };
		4FC683A024EA70870098B378 /* ECPrivacyCheckCalendars.m */ = {isa = PBXFileReference; fileEncoding = 4; lastKnownFileType = sourcecode.c.objc; path = ECPrivacyCheckCalendars.m; sourceTree = "<group>"; };
		4FC683A124EA70870098B378 /* ECPrivacyCheckBluetooth.h */ = {isa = PBXFileReference; fileEncoding = 4; lastKnownFileType = sourcecode.c.h; path = ECPrivacyCheckBluetooth.h; sourceTree = "<group>"; };
		4FC683A224EA70870098B378 /* ECPrivacyCheckSpeechRecognition.m */ = {isa = PBXFileReference; fileEncoding = 4; lastKnownFileType = sourcecode.c.objc; path = ECPrivacyCheckSpeechRecognition.m; sourceTree = "<group>"; };
		4FC683A324EA70870098B378 /* ECPrivacyCheckHomeKit.h */ = {isa = PBXFileReference; fileEncoding = 4; lastKnownFileType = sourcecode.c.h; path = ECPrivacyCheckHomeKit.h; sourceTree = "<group>"; };
		4FC683A424EA70870098B378 /* ECPrivacyCheckMotionAndFitness.m */ = {isa = PBXFileReference; fileEncoding = 4; lastKnownFileType = sourcecode.c.objc; path = ECPrivacyCheckMotionAndFitness.m; sourceTree = "<group>"; };
		4FC683A524EA70870098B378 /* ECPrivacyCheckMediaAndAppleMusic.m */ = {isa = PBXFileReference; fileEncoding = 4; lastKnownFileType = sourcecode.c.objc; path = ECPrivacyCheckMediaAndAppleMusic.m; sourceTree = "<group>"; };
		4FC683A624EA70870098B378 /* ECPrivacyCheckCamera.h */ = {isa = PBXFileReference; fileEncoding = 4; lastKnownFileType = sourcecode.c.h; path = ECPrivacyCheckCamera.h; sourceTree = "<group>"; };
		4FC683A724EA70870098B378 /* ECPrivacyCheckLocationServices.h */ = {isa = PBXFileReference; fileEncoding = 4; lastKnownFileType = sourcecode.c.h; path = ECPrivacyCheckLocationServices.h; sourceTree = "<group>"; };
		4FC683A824EA70870098B378 /* ECPrivacyCheckPhotos.m */ = {isa = PBXFileReference; fileEncoding = 4; lastKnownFileType = sourcecode.c.objc; path = ECPrivacyCheckPhotos.m; sourceTree = "<group>"; };
		4FC683A924EA70870098B378 /* ECPrivacyCheckFilesAndFolders.h */ = {isa = PBXFileReference; fileEncoding = 4; lastKnownFileType = sourcecode.c.h; path = ECPrivacyCheckFilesAndFolders.h; sourceTree = "<group>"; };
		4FC683AA24EA70870098B378 /* ECPrivacyCheckContacts.m */ = {isa = PBXFileReference; fileEncoding = 4; lastKnownFileType = sourcecode.c.objc; path = ECPrivacyCheckContacts.m; sourceTree = "<group>"; };
		4FC683AB24EA70870098B378 /* ECPrivacyCheckHealth.m */ = {isa = PBXFileReference; fileEncoding = 4; lastKnownFileType = sourcecode.c.objc; path = ECPrivacyCheckHealth.m; sourceTree = "<group>"; };
		4FC683AC24EA70870098B378 /* ECPrivacyCheckReminders.m */ = {isa = PBXFileReference; fileEncoding = 4; lastKnownFileType = sourcecode.c.objc; path = ECPrivacyCheckReminders.m; sourceTree = "<group>"; };
		4FC683AE24EA70870098B378 /* ECPrivacyCheckGatherTool.h */ = {isa = PBXFileReference; fileEncoding = 4; lastKnownFileType = sourcecode.c.h; path = ECPrivacyCheckGatherTool.h; sourceTree = "<group>"; };
		4FCACD9F246CDB0500C34A00 /* QYSDK.framework */ = {isa = PBXFileReference; lastKnownFileType = wrapper.framework; path = QYSDK.framework; sourceTree = "<group>"; };
		4FCACDA1246CDB0500C34A00 /* QYCustomResource.bundle */ = {isa = PBXFileReference; lastKnownFileType = "wrapper.plug-in"; path = QYCustomResource.bundle; sourceTree = "<group>"; };
		4FCACDA2246CDB0500C34A00 /* QYResource.bundle */ = {isa = PBXFileReference; lastKnownFileType = "wrapper.plug-in"; path = QYResource.bundle; sourceTree = "<group>"; };
		4FCACDA3246CDB0500C34A00 /* QYSDK.podspec */ = {isa = PBXFileReference; fileEncoding = 4; lastKnownFileType = text; path = QYSDK.podspec; sourceTree = "<group>"; };
		4FCACDA5246CDB0700C34A00 /* NIMSDK.framework */ = {isa = PBXFileReference; lastKnownFileType = wrapper.framework; path = NIMSDK.framework; sourceTree = "<group>"; };
		4FCACDA6246CDB0700C34A00 /* NIMSDK.podspec */ = {isa = PBXFileReference; fileEncoding = 4; lastKnownFileType = text; path = NIMSDK.podspec; sourceTree = "<group>"; };
		4FCACDB6246CEAF900C34A00 /* AppDelegate+QY.h */ = {isa = PBXFileReference; lastKnownFileType = sourcecode.c.h; path = "AppDelegate+QY.h"; sourceTree = "<group>"; };
		4FCACDB7246CEAF900C34A00 /* AppDelegate+QY.m */ = {isa = PBXFileReference; lastKnownFileType = sourcecode.c.objc; path = "AppDelegate+QY.m"; sourceTree = "<group>"; };
		4FCACDBA246CF22B00C34A00 /* APPCommonMoudle.h */ = {isa = PBXFileReference; lastKnownFileType = sourcecode.c.h; path = APPCommonMoudle.h; sourceTree = "<group>"; };
		4FCACDBB246CF22B00C34A00 /* APPCommonMoudle.m */ = {isa = PBXFileReference; lastKnownFileType = sourcecode.c.objc; path = APPCommonMoudle.m; sourceTree = "<group>"; };
		4FCACDBD246CF6D700C34A00 /* RootViewController.h */ = {isa = PBXFileReference; lastKnownFileType = sourcecode.c.h; path = RootViewController.h; sourceTree = "<group>"; };
		4FCACDBE246CF6D700C34A00 /* RootViewController.m */ = {isa = PBXFileReference; lastKnownFileType = sourcecode.c.objc; path = RootViewController.m; sourceTree = "<group>"; };
		9DD0F73A93B7E5A444DC396A /* Pods-Base-tvOSTests.debug.xcconfig */ = {isa = PBXFileReference; includeInIndex = 1; lastKnownFileType = text.xcconfig; name = "Pods-Base-tvOSTests.debug.xcconfig"; path = "Target Support Files/Pods-Base-tvOSTests/Pods-Base-tvOSTests.debug.xcconfig"; sourceTree = "<group>"; };
		9FA2340092AB99A08F0CE28F /* Pods-Base-BaseTests.release.xcconfig */ = {isa = PBXFileReference; includeInIndex = 1; lastKnownFileType = text.xcconfig; name = "Pods-Base-BaseTests.release.xcconfig"; path = "Target Support Files/Pods-Base-BaseTests/Pods-Base-BaseTests.release.xcconfig"; sourceTree = "<group>"; };
		E0A03E8DA34E394948BDE932 /* libPods-Base-tvOS.a */ = {isa = PBXFileReference; explicitFileType = archive.ar; includeInIndex = 0; path = "libPods-Base-tvOS.a"; sourceTree = BUILT_PRODUCTS_DIR; };
		E52CCA011D0BF756031541EA /* Pods-Base.release.xcconfig */ = {isa = PBXFileReference; includeInIndex = 1; lastKnownFileType = text.xcconfig; name = "Pods-Base.release.xcconfig"; path = "Target Support Files/Pods-Base/Pods-Base.release.xcconfig"; sourceTree = "<group>"; };
		E755F527262B0FD5E4C46A63 /* Pods-Base-tvOS.release.xcconfig */ = {isa = PBXFileReference; includeInIndex = 1; lastKnownFileType = text.xcconfig; name = "Pods-Base-tvOS.release.xcconfig"; path = "Target Support Files/Pods-Base-tvOS/Pods-Base-tvOS.release.xcconfig"; sourceTree = "<group>"; };
		EC42242DD00D0C10E1B8D6E9 /* Pods-Base.debug.xcconfig */ = {isa = PBXFileReference; includeInIndex = 1; lastKnownFileType = text.xcconfig; name = "Pods-Base.debug.xcconfig"; path = "Target Support Files/Pods-Base/Pods-Base.debug.xcconfig"; sourceTree = "<group>"; };
		ED297162215061F000B7C4FE /* JavaScriptCore.framework */ = {isa = PBXFileReference; lastKnownFileType = wrapper.framework; name = JavaScriptCore.framework; path = System/Library/Frameworks/JavaScriptCore.framework; sourceTree = SDKROOT; };
		ED2971642150620600B7C4FE /* JavaScriptCore.framework */ = {isa = PBXFileReference; lastKnownFileType = wrapper.framework; name = JavaScriptCore.framework; path = Platforms/AppleTVOS.platform/Developer/SDKs/AppleTVOS12.0.sdk/System/Library/Frameworks/JavaScriptCore.framework; sourceTree = DEVELOPER_DIR; };
/* End PBXFileReference section */

/* Begin PBXFrameworksBuildPhase section */
		00E356EB1AD99517003FC87E /* Frameworks */ = {
			isa = PBXFrameworksBuildPhase;
			buildActionMask = 2147483647;
			files = (
				0A9BC6B54DA22D8538020049 /* libPods-Base-BaseTests.a in Frameworks */,
			);
			runOnlyForDeploymentPostprocessing = 0;
		};
		13B07F8C1A680F5B00A75B9A /* Frameworks */ = {
			isa = PBXFrameworksBuildPhase;
			buildActionMask = 2147483647;
			files = (
				4FCACDB0246CDB1700C34A00 /* QYSDK.framework in Frameworks */,
				4FCACDAD246CDB1500C34A00 /* NIMSDK.framework in Frameworks */,
				AC2618498AEEB88AA5AF6FB4 /* libPods-Base.a in Frameworks */,
			);
			runOnlyForDeploymentPostprocessing = 0;
		};
		2D02E4781E0B4A5D006451C7 /* Frameworks */ = {
			isa = PBXFrameworksBuildPhase;
			buildActionMask = 2147483647;
			files = (
				F018A10B5DB49447B9DA7420 /* libPods-Base-tvOS.a in Frameworks */,
			);
			runOnlyForDeploymentPostprocessing = 0;
		};
		2D02E48D1E0B4A5D006451C7 /* Frameworks */ = {
			isa = PBXFrameworksBuildPhase;
			buildActionMask = 2147483647;
			files = (
				D1031731F827D23A1AB99608 /* libPods-Base-tvOSTests.a in Frameworks */,
			);
			runOnlyForDeploymentPostprocessing = 0;
		};
/* End PBXFrameworksBuildPhase section */

/* Begin PBXGroup section */
		00E356EF1AD99517003FC87E /* BaseTests */ = {
			isa = PBXGroup;
			children = (
				00E356F21AD99517003FC87E /* BaseTests.m */,
				00E356F01AD99517003FC87E /* Supporting Files */,
			);
			path = BaseTests;
			sourceTree = "<group>";
		};
		00E356F01AD99517003FC87E /* Supporting Files */ = {
			isa = PBXGroup;
			children = (
				00E356F11AD99517003FC87E /* Info.plist */,
			);
			name = "Supporting Files";
			sourceTree = "<group>";
		};
		0D55285510117B9AA46467AE /* Pods */ = {
			isa = PBXGroup;
			children = (
				EC42242DD00D0C10E1B8D6E9 /* Pods-Base.debug.xcconfig */,
				E52CCA011D0BF756031541EA /* Pods-Base.release.xcconfig */,
				1AEF131910F453726597B096 /* Pods-Base-BaseTests.debug.xcconfig */,
				9FA2340092AB99A08F0CE28F /* Pods-Base-BaseTests.release.xcconfig */,
				3F9A50496C0F000AECB54AEF /* Pods-Base-tvOS.debug.xcconfig */,
				E755F527262B0FD5E4C46A63 /* Pods-Base-tvOS.release.xcconfig */,
				9DD0F73A93B7E5A444DC396A /* Pods-Base-tvOSTests.debug.xcconfig */,
				4DF4C6090CE81511BE6C8346 /* Pods-Base-tvOSTests.release.xcconfig */,
			);
			path = Pods;
			sourceTree = "<group>";
		};
		13B07FAE1A68108700A75B9A /* Base */ = {
			isa = PBXGroup;
			children = (
				4F86E6962488E55B00AFD668 /* utils */,
				4F1971E9246D3B6700A9944B /* libs */,
				4FCACDB2246CEA2B00C34A00 /* appdelegateCategory */,
				4FCACD98246BF17F00C34A00 /* thirdPart */,
				4FCACD8A246BE84700C34A00 /* rnModule */,
				008F07F21AC5B25A0029DE68 /* main.jsbundle */,
				13B07FAF1A68108700A75B9A /* AppDelegate.h */,
				13B07FB01A68108700A75B9A /* AppDelegate.m */,
				4FCACDBD246CF6D700C34A00 /* RootViewController.h */,
				4FCACDBE246CF6D700C34A00 /* RootViewController.m */,
				13B07FB51A68108700A75B9A /* Images.xcassets */,
				13B07FB61A68108700A75B9A /* Info.plist */,
				13B07FB71A68108700A75B9A /* main.m */,
			);
			name = Base;
			sourceTree = "<group>";
		};
		2D16E6871FA4F8E400B85C8A /* Frameworks */ = {
			isa = PBXGroup;
			children = (
				ED297162215061F000B7C4FE /* JavaScriptCore.framework */,
				ED2971642150620600B7C4FE /* JavaScriptCore.framework */,
				060A5B721CCAA5A72BD9DDBC /* libPods-Base.a */,
				3FFFA902A575616DD3BFD44E /* libPods-Base-BaseTests.a */,
				E0A03E8DA34E394948BDE932 /* libPods-Base-tvOS.a */,
				017D557FA40CA993ED804C66 /* libPods-Base-tvOSTests.a */,
			);
			name = Frameworks;
			sourceTree = "<group>";
		};
		4F1971E9246D3B6700A9944B /* libs */ = {
			isa = PBXGroup;
			children = (
				4F1971EA246D3B7500A9944B /* net */,
			);
			path = libs;
			sourceTree = "<group>";
		};
		4F1971EA246D3B7500A9944B /* net */ = {
			isa = PBXGroup;
			children = (
				4F1971EF246D3C6D00A9944B /* NetworkRequest.h */,
				4F1971EE246D3C6D00A9944B /* NetworkRequest.m */,
				4F1971EC246D3B8500A9944B /* HttpTool3.h */,
				4F1971EB246D3B8400A9944B /* HttpTool3.m */,
			);
			path = net;
			sourceTree = "<group>";
		};
		4F86E6962488E55B00AFD668 /* utils */ = {
			isa = PBXGroup;
			children = (
				4F86E6972488E59D00AFD668 /* JsonConvert.h */,
				4F86E6982488E59D00AFD668 /* JsonConvert.m */,
			);
			name = utils;
			sourceTree = "<group>";
		};
		4FC6838A24EA6EA50098B378 /* ECPrivacyCheckTools */ = {
			isa = PBXGroup;
			children = (
				4FC6838B24EA70870098B378 /* Assets */,
				4FC6838D24EA70870098B378 /* Classes */,
			);
			path = ECPrivacyCheckTools;
			sourceTree = "<group>";
		};
		4FC6838B24EA70870098B378 /* Assets */ = {
			isa = PBXGroup;
			children = (
			);
			path = Assets;
			sourceTree = "<group>";
		};
		4FC6838D24EA70870098B378 /* Classes */ = {
			isa = PBXGroup;
			children = (
				4FC6838E24EA70870098B378 /* ECPrivacyCheckHelp.h */,
				4FC6838F24EA70870098B378 /* ECPrivacyCheckGatherTool.m */,
				4FC6839024EA70870098B378 /* Core */,
				4FC683AE24EA70870098B378 /* ECPrivacyCheckGatherTool.h */,
			);
			path = Classes;
			sourceTree = "<group>";
		};
		4FC6839024EA70870098B378 /* Core */ = {
			isa = PBXGroup;
			children = (
				4FC683A124EA70870098B378 /* ECPrivacyCheckBluetooth.h */,
				4FC6839624EA70870098B378 /* ECPrivacyCheckBluetooth.m */,
				4FC6839124EA70870098B378 /* ECPrivacyCheckCalendars.h */,
				4FC683A024EA70870098B378 /* ECPrivacyCheckCalendars.m */,
				4FC683A624EA70870098B378 /* ECPrivacyCheckCamera.h */,
				4FC6839724EA70870098B378 /* ECPrivacyCheckCamera.m */,
				4FC6839D24EA70870098B378 /* ECPrivacyCheckContacts.h */,
				4FC683AA24EA70870098B378 /* ECPrivacyCheckContacts.m */,
				4FC683A924EA70870098B378 /* ECPrivacyCheckFilesAndFolders.h */,
				4FC6839C24EA70870098B378 /* ECPrivacyCheckFilesAndFolders.m */,
				4FC6839B24EA70870098B378 /* ECPrivacyCheckHealth.h */,
				4FC683AB24EA70870098B378 /* ECPrivacyCheckHealth.m */,
				4FC683A324EA70870098B378 /* ECPrivacyCheckHomeKit.h */,
				4FC6839424EA70870098B378 /* ECPrivacyCheckHomeKit.m */,
				4FC683A724EA70870098B378 /* ECPrivacyCheckLocationServices.h */,
				4FC6839824EA70870098B378 /* ECPrivacyCheckLocationServices.m */,
				4FC6839924EA70870098B378 /* ECPrivacyCheckMediaAndAppleMusic.h */,
				4FC683A524EA70870098B378 /* ECPrivacyCheckMediaAndAppleMusic.m */,
				4FC6839F24EA70870098B378 /* ECPrivacyCheckMicrophone.h */,
				4FC6839224EA70870098B378 /* ECPrivacyCheckMicrophone.m */,
				4FC6839324EA70870098B378 /* ECPrivacyCheckMotionAndFitness.h */,
				4FC683A424EA70870098B378 /* ECPrivacyCheckMotionAndFitness.m */,
				4FC6839E24EA70870098B378 /* ECPrivacyCheckPhotos.h */,
				4FC683A824EA70870098B378 /* ECPrivacyCheckPhotos.m */,
				4FC6839A24EA70870098B378 /* ECPrivacyCheckReminders.h */,
				4FC683AC24EA70870098B378 /* ECPrivacyCheckReminders.m */,
				4FC6839524EA70870098B378 /* ECPrivacyCheckSpeechRecognition.h */,
				4FC683A224EA70870098B378 /* ECPrivacyCheckSpeechRecognition.m */,
			);
			path = Core;
			sourceTree = "<group>";
		};
		4FCACD8A246BE84700C34A00 /* rnModule */ = {
			isa = PBXGroup;
			children = (
				4FCACDB9246CF20800C34A00 /* common */,
			);
			path = rnModule;
			sourceTree = "<group>";
		};
		4FCACD98246BF17F00C34A00 /* thirdPart */ = {
			isa = PBXGroup;
			children = (
				4FC6838A24EA6EA50098B378 /* ECPrivacyCheckTools */,
				4FCACD9D246CDAF000C34A00 /* qy */,
			);
			path = thirdPart;
			sourceTree = "<group>";
		};
		4FCACD9D246CDAF000C34A00 /* qy */ = {
			isa = PBXGroup;
			children = (
				4FCACDA4246CDB0700C34A00 /* NIMSDK */,
				4FCACD9E246CDB0500C34A00 /* QYSDK */,
			);
			path = qy;
			sourceTree = "<group>";
		};
		4FCACD9E246CDB0500C34A00 /* QYSDK */ = {
			isa = PBXGroup;
			children = (
				4FCACD9F246CDB0500C34A00 /* QYSDK.framework */,
				4FCACDA0246CDB0500C34A00 /* Resources */,
				4FCACDA3246CDB0500C34A00 /* QYSDK.podspec */,
			);
			path = QYSDK;
			sourceTree = "<group>";
		};
		4FCACDA0246CDB0500C34A00 /* Resources */ = {
			isa = PBXGroup;
			children = (
				4FCACDA1246CDB0500C34A00 /* QYCustomResource.bundle */,
				4FCACDA2246CDB0500C34A00 /* QYResource.bundle */,
			);
			path = Resources;
			sourceTree = "<group>";
		};
		4FCACDA4246CDB0700C34A00 /* NIMSDK */ = {
			isa = PBXGroup;
			children = (
				4FCACDA5246CDB0700C34A00 /* NIMSDK.framework */,
				4FCACDA6246CDB0700C34A00 /* NIMSDK.podspec */,
			);
			path = NIMSDK;
			sourceTree = "<group>";
		};
		4FCACDB2246CEA2B00C34A00 /* appdelegateCategory */ = {
			isa = PBXGroup;
			children = (
				4FCACDB6246CEAF900C34A00 /* AppDelegate+QY.h */,
				4FCACDB7246CEAF900C34A00 /* AppDelegate+QY.m */,
				4F73C427250B2A9B00CFBF33 /* AppDelegate+Mob.h */,
				4F73C428250B2A9B00CFBF33 /* AppDelegate+Mob.m */,
				4F73C42A250B4B4300CFBF33 /* AppDelegate+UM.h */,
				4F73C42B250B4B4300CFBF33 /* AppDelegate+UM.m */,
			);
			path = appdelegateCategory;
			sourceTree = "<group>";
		};
		4FCACDB9246CF20800C34A00 /* common */ = {
			isa = PBXGroup;
			children = (
				4FCACDBA246CF22B00C34A00 /* APPCommonMoudle.h */,
				4FCACDBB246CF22B00C34A00 /* APPCommonMoudle.m */,
				4F73C42D250B4CCC00CFBF33 /* ShareModule.h */,
				4F73C42E250B4CCC00CFBF33 /* ShareModule.m */,
			);
			path = common;
			sourceTree = "<group>";
		};
		832341AE1AAA6A7D00B99B32 /* Libraries */ = {
			isa = PBXGroup;
			children = (
			);
			name = Libraries;
			sourceTree = "<group>";
		};
		83CBB9F61A601CBA00E9B192 = {
			isa = PBXGroup;
			children = (
				13B07FAE1A68108700A75B9A /* Base */,
				832341AE1AAA6A7D00B99B32 /* Libraries */,
				00E356EF1AD99517003FC87E /* BaseTests */,
				83CBBA001A601CBA00E9B192 /* Products */,
				2D16E6871FA4F8E400B85C8A /* Frameworks */,
				0D55285510117B9AA46467AE /* Pods */,
			);
			indentWidth = 2;
			sourceTree = "<group>";
			tabWidth = 2;
			usesTabs = 0;
		};
		83CBBA001A601CBA00E9B192 /* Products */ = {
			isa = PBXGroup;
			children = (
				13B07F961A680F5B00A75B9A /* Base.app */,
				00E356EE1AD99517003FC87E /* BaseTests.xctest */,
				2D02E47B1E0B4A5D006451C7 /* Base-tvOS.app */,
				2D02E4901E0B4A5D006451C7 /* Base-tvOSTests.xctest */,
			);
			name = Products;
			sourceTree = "<group>";
		};
/* End PBXGroup section */

/* Begin PBXNativeTarget section */
		00E356ED1AD99517003FC87E /* BaseTests */ = {
			isa = PBXNativeTarget;
			buildConfigurationList = 00E357021AD99517003FC87E /* Build configuration list for PBXNativeTarget "BaseTests" */;
			buildPhases = (
				0BE28A6BDDE475242771EDDF /* [CP] Check Pods Manifest.lock */,
				00E356EA1AD99517003FC87E /* Sources */,
				00E356EB1AD99517003FC87E /* Frameworks */,
				00E356EC1AD99517003FC87E /* Resources */,
				6D40C7022AEE7F9E8FE0D809 /* [CP] Copy Pods Resources */,
			);
			buildRules = (
			);
			dependencies = (
				00E356F51AD99517003FC87E /* PBXTargetDependency */,
			);
			name = BaseTests;
			productName = BaseTests;
			productReference = 00E356EE1AD99517003FC87E /* BaseTests.xctest */;
			productType = "com.apple.product-type.bundle.unit-test";
		};
		13B07F861A680F5B00A75B9A /* Base */ = {
			isa = PBXNativeTarget;
			buildConfigurationList = 13B07F931A680F5B00A75B9A /* Build configuration list for PBXNativeTarget "Base" */;
			buildPhases = (
				26E3942E4916C0CADDA4DCCD /* [CP] Check Pods Manifest.lock */,
				FD10A7F022414F080027D42C /* Start Packager */,
				13B07F871A680F5B00A75B9A /* Sources */,
				13B07F8C1A680F5B00A75B9A /* Frameworks */,
				13B07F8E1A680F5B00A75B9A /* Resources */,
				00DD1BFF1BD5951E006B06BC /* Bundle React Native code and images */,
				0F6A2D4CF3C464FF557440CB /* [CP] Copy Pods Resources */,
				4FCACDAF246CDB1500C34A00 /* Embed Frameworks */,
			);
			buildRules = (
			);
			dependencies = (
			);
			name = Base;
			productName = Base;
			productReference = 13B07F961A680F5B00A75B9A /* Base.app */;
			productType = "com.apple.product-type.application";
		};
		2D02E47A1E0B4A5D006451C7 /* Base-tvOS */ = {
			isa = PBXNativeTarget;
			buildConfigurationList = 2D02E4BA1E0B4A5E006451C7 /* Build configuration list for PBXNativeTarget "Base-tvOS" */;
			buildPhases = (
				4B290DC06C98C5C97B202054 /* [CP] Check Pods Manifest.lock */,
				FD10A7F122414F3F0027D42C /* Start Packager */,
				2D02E4771E0B4A5D006451C7 /* Sources */,
				2D02E4781E0B4A5D006451C7 /* Frameworks */,
				2D02E4791E0B4A5D006451C7 /* Resources */,
				2D02E4CB1E0B4B27006451C7 /* Bundle React Native Code And Images */,
			);
			buildRules = (
			);
			dependencies = (
			);
			name = "Base-tvOS";
			productName = "Base-tvOS";
			productReference = 2D02E47B1E0B4A5D006451C7 /* Base-tvOS.app */;
			productType = "com.apple.product-type.application";
		};
		2D02E48F1E0B4A5D006451C7 /* Base-tvOSTests */ = {
			isa = PBXNativeTarget;
			buildConfigurationList = 2D02E4BB1E0B4A5E006451C7 /* Build configuration list for PBXNativeTarget "Base-tvOSTests" */;
			buildPhases = (
				391544A1F97DEB9B7BDF9A7A /* [CP] Check Pods Manifest.lock */,
				2D02E48C1E0B4A5D006451C7 /* Sources */,
				2D02E48D1E0B4A5D006451C7 /* Frameworks */,
				2D02E48E1E0B4A5D006451C7 /* Resources */,
			);
			buildRules = (
			);
			dependencies = (
				2D02E4921E0B4A5D006451C7 /* PBXTargetDependency */,
			);
			name = "Base-tvOSTests";
			productName = "Base-tvOSTests";
			productReference = 2D02E4901E0B4A5D006451C7 /* Base-tvOSTests.xctest */;
			productType = "com.apple.product-type.bundle.unit-test";
		};
/* End PBXNativeTarget section */

/* Begin PBXProject section */
		83CBB9F71A601CBA00E9B192 /* Project object */ = {
			isa = PBXProject;
			attributes = {
				LastUpgradeCheck = 1130;
				TargetAttributes = {
					00E356ED1AD99517003FC87E = {
						CreatedOnToolsVersion = 6.2;
						DevelopmentTeam = 998Q2N98N8;
						TestTargetID = 13B07F861A680F5B00A75B9A;
					};
					13B07F861A680F5B00A75B9A = {
						DevelopmentTeam = 998Q2N98N8;
						LastSwiftMigration = 1120;
					};
					2D02E47A1E0B4A5D006451C7 = {
						CreatedOnToolsVersion = 8.2.1;
						ProvisioningStyle = Automatic;
					};
					2D02E48F1E0B4A5D006451C7 = {
						CreatedOnToolsVersion = 8.2.1;
						ProvisioningStyle = Automatic;
						TestTargetID = 2D02E47A1E0B4A5D006451C7;
					};
				};
			};
			buildConfigurationList = 83CBB9FA1A601CBA00E9B192 /* Build configuration list for PBXProject "Base" */;
			compatibilityVersion = "Xcode 3.2";
			developmentRegion = en;
			hasScannedForEncodings = 0;
			knownRegions = (
				en,
				Base,
			);
			mainGroup = 83CBB9F61A601CBA00E9B192;
			productRefGroup = 83CBBA001A601CBA00E9B192 /* Products */;
			projectDirPath = "";
			projectRoot = "";
			targets = (
				13B07F861A680F5B00A75B9A /* Base */,
				00E356ED1AD99517003FC87E /* BaseTests */,
				2D02E47A1E0B4A5D006451C7 /* Base-tvOS */,
				2D02E48F1E0B4A5D006451C7 /* Base-tvOSTests */,
			);
		};
/* End PBXProject section */

/* Begin PBXResourcesBuildPhase section */
		00E356EC1AD99517003FC87E /* Resources */ = {
			isa = PBXResourcesBuildPhase;
			buildActionMask = 2147483647;
			files = (
			);
			runOnlyForDeploymentPostprocessing = 0;
		};
		13B07F8E1A680F5B00A75B9A /* Resources */ = {
			isa = PBXResourcesBuildPhase;
			buildActionMask = 2147483647;
			files = (
				4FCACDA8246CDB0700C34A00 /* QYCustomResource.bundle in Resources */,
				13B07FBF1A68108700A75B9A /* Images.xcassets in Resources */,
				4FCACDAC246CDB0700C34A00 /* NIMSDK.podspec in Resources */,
				4FCACDAA246CDB0700C34A00 /* QYSDK.podspec in Resources */,
				4FCACDA9246CDB0700C34A00 /* QYResource.bundle in Resources */,
			);
			runOnlyForDeploymentPostprocessing = 0;
		};
		2D02E4791E0B4A5D006451C7 /* Resources */ = {
			isa = PBXResourcesBuildPhase;
			buildActionMask = 2147483647;
			files = (
				2D02E4BD1E0B4A84006451C7 /* Images.xcassets in Resources */,
			);
			runOnlyForDeploymentPostprocessing = 0;
		};
		2D02E48E1E0B4A5D006451C7 /* Resources */ = {
			isa = PBXResourcesBuildPhase;
			buildActionMask = 2147483647;
			files = (
			);
			runOnlyForDeploymentPostprocessing = 0;
		};
/* End PBXResourcesBuildPhase section */

/* Begin PBXShellScriptBuildPhase section */
		00DD1BFF1BD5951E006B06BC /* Bundle React Native code and images */ = {
			isa = PBXShellScriptBuildPhase;
			buildActionMask = 2147483647;
			files = (
			);
			inputPaths = (
			);
			name = "Bundle React Native code and images";
			outputPaths = (
			);
			runOnlyForDeploymentPostprocessing = 0;
			shellPath = /bin/sh;
			shellScript = "export NODE_BINARY=node\n../node_modules/react-native/scripts/react-native-xcode.sh\n";
		};
		0BE28A6BDDE475242771EDDF /* [CP] Check Pods Manifest.lock */ = {
			isa = PBXShellScriptBuildPhase;
			buildActionMask = 2147483647;
			files = (
			);
			inputFileListPaths = (
			);
			inputPaths = (
				"${PODS_PODFILE_DIR_PATH}/Podfile.lock",
				"${PODS_ROOT}/Manifest.lock",
			);
			name = "[CP] Check Pods Manifest.lock";
			outputFileListPaths = (
			);
			outputPaths = (
				"$(DERIVED_FILE_DIR)/Pods-Base-BaseTests-checkManifestLockResult.txt",
			);
			runOnlyForDeploymentPostprocessing = 0;
			shellPath = /bin/sh;
			shellScript = "diff \"${PODS_PODFILE_DIR_PATH}/Podfile.lock\" \"${PODS_ROOT}/Manifest.lock\" > /dev/null\nif [ $? != 0 ] ; then\n    # print error to STDERR\n    echo \"error: The sandbox is not in sync with the Podfile.lock. Run 'pod install' or update your CocoaPods installation.\" >&2\n    exit 1\nfi\n# This output is used by Xcode 'outputs' to avoid re-running this script phase.\necho \"SUCCESS\" > \"${SCRIPT_OUTPUT_FILE_0}\"\n";
			showEnvVarsInLog = 0;
		};
		0F6A2D4CF3C464FF557440CB /* [CP] Copy Pods Resources */ = {
			isa = PBXShellScriptBuildPhase;
			buildActionMask = 2147483647;
			files = (
			);
			inputPaths = (
				"${PODS_ROOT}/Target Support Files/Pods-Base/Pods-Base-resources.sh",
				"${PODS_ROOT}/GKPhotoBrowser/GKPhotoBrowser/GKPhotoBrowser.bundle",
				"${PODS_CONFIGURATION_BUILD_DIR}/IQKeyboardManager/IQKeyboardManager.bundle",
				"${PODS_CONFIGURATION_BUILD_DIR}/React-Core/AccessibilityResources.bundle",
				"${PODS_ROOT}/TZImagePickerController/TZImagePickerController/TZImagePickerController/TZImagePickerController.bundle",
				"${PODS_ROOT}/UMCCommonLog/UMCommonLog/UMCommonLog.bundle",
				"${PODS_CONFIGURATION_BUILD_DIR}/mob_sharesdk/ShareSDK.bundle",
				"${PODS_CONFIGURATION_BUILD_DIR}/mob_sharesdk/ShareSDK_JS_QQ.bundle",
				"${PODS_CONFIGURATION_BUILD_DIR}/mob_sharesdk/ShareSDK_JS_WeChat.bundle",
				"${PODS_ROOT}/mob_sharesdk/ShareSDK/Support/Optional/ShareSDKUI.bundle",
			);
			name = "[CP] Copy Pods Resources";
			outputPaths = (
				"${TARGET_BUILD_DIR}/${UNLOCALIZED_RESOURCES_FOLDER_PATH}/GKPhotoBrowser.bundle",
				"${TARGET_BUILD_DIR}/${UNLOCALIZED_RESOURCES_FOLDER_PATH}/IQKeyboardManager.bundle",
				"${TARGET_BUILD_DIR}/${UNLOCALIZED_RESOURCES_FOLDER_PATH}/AccessibilityResources.bundle",
				"${TARGET_BUILD_DIR}/${UNLOCALIZED_RESOURCES_FOLDER_PATH}/TZImagePickerController.bundle",
				"${TARGET_BUILD_DIR}/${UNLOCALIZED_RESOURCES_FOLDER_PATH}/UMCommonLog.bundle",
				"${TARGET_BUILD_DIR}/${UNLOCALIZED_RESOURCES_FOLDER_PATH}/ShareSDK.bundle",
				"${TARGET_BUILD_DIR}/${UNLOCALIZED_RESOURCES_FOLDER_PATH}/ShareSDK_JS_QQ.bundle",
				"${TARGET_BUILD_DIR}/${UNLOCALIZED_RESOURCES_FOLDER_PATH}/ShareSDK_JS_WeChat.bundle",
				"${TARGET_BUILD_DIR}/${UNLOCALIZED_RESOURCES_FOLDER_PATH}/ShareSDKUI.bundle",
			);
			runOnlyForDeploymentPostprocessing = 0;
			shellPath = /bin/sh;
			shellScript = "\"${PODS_ROOT}/Target Support Files/Pods-Base/Pods-Base-resources.sh\"\n";
			showEnvVarsInLog = 0;
		};
		26E3942E4916C0CADDA4DCCD /* [CP] Check Pods Manifest.lock */ = {
			isa = PBXShellScriptBuildPhase;
			buildActionMask = 2147483647;
			files = (
			);
			inputFileListPaths = (
			);
			inputPaths = (
				"${PODS_PODFILE_DIR_PATH}/Podfile.lock",
				"${PODS_ROOT}/Manifest.lock",
			);
			name = "[CP] Check Pods Manifest.lock";
			outputFileListPaths = (
			);
			outputPaths = (
				"$(DERIVED_FILE_DIR)/Pods-Base-checkManifestLockResult.txt",
			);
			runOnlyForDeploymentPostprocessing = 0;
			shellPath = /bin/sh;
			shellScript = "diff \"${PODS_PODFILE_DIR_PATH}/Podfile.lock\" \"${PODS_ROOT}/Manifest.lock\" > /dev/null\nif [ $? != 0 ] ; then\n    # print error to STDERR\n    echo \"error: The sandbox is not in sync with the Podfile.lock. Run 'pod install' or update your CocoaPods installation.\" >&2\n    exit 1\nfi\n# This output is used by Xcode 'outputs' to avoid re-running this script phase.\necho \"SUCCESS\" > \"${SCRIPT_OUTPUT_FILE_0}\"\n";
			showEnvVarsInLog = 0;
		};
		2D02E4CB1E0B4B27006451C7 /* Bundle React Native Code And Images */ = {
			isa = PBXShellScriptBuildPhase;
			buildActionMask = 2147483647;
			files = (
			);
			inputPaths = (
			);
			name = "Bundle React Native Code And Images";
			outputPaths = (
			);
			runOnlyForDeploymentPostprocessing = 0;
			shellPath = /bin/sh;
			shellScript = "export NODE_BINARY=node\n../node_modules/react-native/scripts/react-native-xcode.sh";
		};
		391544A1F97DEB9B7BDF9A7A /* [CP] Check Pods Manifest.lock */ = {
			isa = PBXShellScriptBuildPhase;
			buildActionMask = 2147483647;
			files = (
			);
			inputFileListPaths = (
			);
			inputPaths = (
				"${PODS_PODFILE_DIR_PATH}/Podfile.lock",
				"${PODS_ROOT}/Manifest.lock",
			);
			name = "[CP] Check Pods Manifest.lock";
			outputFileListPaths = (
			);
			outputPaths = (
				"$(DERIVED_FILE_DIR)/Pods-Base-tvOSTests-checkManifestLockResult.txt",
			);
			runOnlyForDeploymentPostprocessing = 0;
			shellPath = /bin/sh;
			shellScript = "diff \"${PODS_PODFILE_DIR_PATH}/Podfile.lock\" \"${PODS_ROOT}/Manifest.lock\" > /dev/null\nif [ $? != 0 ] ; then\n    # print error to STDERR\n    echo \"error: The sandbox is not in sync with the Podfile.lock. Run 'pod install' or update your CocoaPods installation.\" >&2\n    exit 1\nfi\n# This output is used by Xcode 'outputs' to avoid re-running this script phase.\necho \"SUCCESS\" > \"${SCRIPT_OUTPUT_FILE_0}\"\n";
			showEnvVarsInLog = 0;
		};
		4B290DC06C98C5C97B202054 /* [CP] Check Pods Manifest.lock */ = {
			isa = PBXShellScriptBuildPhase;
			buildActionMask = 2147483647;
			files = (
			);
			inputFileListPaths = (
			);
			inputPaths = (
				"${PODS_PODFILE_DIR_PATH}/Podfile.lock",
				"${PODS_ROOT}/Manifest.lock",
			);
			name = "[CP] Check Pods Manifest.lock";
			outputFileListPaths = (
			);
			outputPaths = (
				"$(DERIVED_FILE_DIR)/Pods-Base-tvOS-checkManifestLockResult.txt",
			);
			runOnlyForDeploymentPostprocessing = 0;
			shellPath = /bin/sh;
			shellScript = "diff \"${PODS_PODFILE_DIR_PATH}/Podfile.lock\" \"${PODS_ROOT}/Manifest.lock\" > /dev/null\nif [ $? != 0 ] ; then\n    # print error to STDERR\n    echo \"error: The sandbox is not in sync with the Podfile.lock. Run 'pod install' or update your CocoaPods installation.\" >&2\n    exit 1\nfi\n# This output is used by Xcode 'outputs' to avoid re-running this script phase.\necho \"SUCCESS\" > \"${SCRIPT_OUTPUT_FILE_0}\"\n";
			showEnvVarsInLog = 0;
		};
		6D40C7022AEE7F9E8FE0D809 /* [CP] Copy Pods Resources */ = {
			isa = PBXShellScriptBuildPhase;
			buildActionMask = 2147483647;
			files = (
			);
			inputPaths = (
				"${PODS_ROOT}/Target Support Files/Pods-Base-BaseTests/Pods-Base-BaseTests-resources.sh",
				"${PODS_ROOT}/GKPhotoBrowser/GKPhotoBrowser/GKPhotoBrowser.bundle",
				"${PODS_CONFIGURATION_BUILD_DIR}/IQKeyboardManager/IQKeyboardManager.bundle",
				"${PODS_CONFIGURATION_BUILD_DIR}/React-Core/AccessibilityResources.bundle",
				"${PODS_ROOT}/TZImagePickerController/TZImagePickerController/TZImagePickerController/TZImagePickerController.bundle",
				"${PODS_ROOT}/UMCCommonLog/UMCommonLog/UMCommonLog.bundle",
				"${PODS_CONFIGURATION_BUILD_DIR}/mob_sharesdk/ShareSDK.bundle",
				"${PODS_CONFIGURATION_BUILD_DIR}/mob_sharesdk/ShareSDK_JS_QQ.bundle",
				"${PODS_CONFIGURATION_BUILD_DIR}/mob_sharesdk/ShareSDK_JS_WeChat.bundle",
				"${PODS_ROOT}/mob_sharesdk/ShareSDK/Support/Optional/ShareSDKUI.bundle",
			);
			name = "[CP] Copy Pods Resources";
			outputPaths = (
				"${TARGET_BUILD_DIR}/${UNLOCALIZED_RESOURCES_FOLDER_PATH}/GKPhotoBrowser.bundle",
				"${TARGET_BUILD_DIR}/${UNLOCALIZED_RESOURCES_FOLDER_PATH}/IQKeyboardManager.bundle",
				"${TARGET_BUILD_DIR}/${UNLOCALIZED_RESOURCES_FOLDER_PATH}/AccessibilityResources.bundle",
				"${TARGET_BUILD_DIR}/${UNLOCALIZED_RESOURCES_FOLDER_PATH}/TZImagePickerController.bundle",
				"${TARGET_BUILD_DIR}/${UNLOCALIZED_RESOURCES_FOLDER_PATH}/UMCommonLog.bundle",
				"${TARGET_BUILD_DIR}/${UNLOCALIZED_RESOURCES_FOLDER_PATH}/ShareSDK.bundle",
				"${TARGET_BUILD_DIR}/${UNLOCALIZED_RESOURCES_FOLDER_PATH}/ShareSDK_JS_QQ.bundle",
				"${TARGET_BUILD_DIR}/${UNLOCALIZED_RESOURCES_FOLDER_PATH}/ShareSDK_JS_WeChat.bundle",
				"${TARGET_BUILD_DIR}/${UNLOCALIZED_RESOURCES_FOLDER_PATH}/ShareSDKUI.bundle",
			);
			runOnlyForDeploymentPostprocessing = 0;
			shellPath = /bin/sh;
			shellScript = "\"${PODS_ROOT}/Target Support Files/Pods-Base-BaseTests/Pods-Base-BaseTests-resources.sh\"\n";
			showEnvVarsInLog = 0;
		};
		FD10A7F022414F080027D42C /* Start Packager */ = {
			isa = PBXShellScriptBuildPhase;
			buildActionMask = 2147483647;
			files = (
			);
			inputFileListPaths = (
			);
			inputPaths = (
			);
			name = "Start Packager";
			outputFileListPaths = (
			);
			outputPaths = (
			);
			runOnlyForDeploymentPostprocessing = 0;
			shellPath = /bin/sh;
			shellScript = "export RCT_METRO_PORT=\"${RCT_METRO_PORT:=8081}\"\necho \"export RCT_METRO_PORT=${RCT_METRO_PORT}\" > \"${SRCROOT}/../node_modules/react-native/scripts/.packager.env\"\nif [ -z \"${RCT_NO_LAUNCH_PACKAGER+xxx}\" ] ; then\n  if nc -w 5 -z localhost ${RCT_METRO_PORT} ; then\n    if ! curl -s \"http://localhost:${RCT_METRO_PORT}/status\" | grep -q \"packager-status:running\" ; then\n      echo \"Port ${RCT_METRO_PORT} already in use, packager is either not running or not running correctly\"\n      exit 2\n    fi\n  else\n    open \"$SRCROOT/../node_modules/react-native/scripts/launchPackager.command\" || echo \"Can't start packager automatically\"\n  fi\nfi\n";
			showEnvVarsInLog = 0;
		};
		FD10A7F122414F3F0027D42C /* Start Packager */ = {
			isa = PBXShellScriptBuildPhase;
			buildActionMask = 2147483647;
			files = (
			);
			inputFileListPaths = (
			);
			inputPaths = (
			);
			name = "Start Packager";
			outputFileListPaths = (
			);
			outputPaths = (
			);
			runOnlyForDeploymentPostprocessing = 0;
			shellPath = /bin/sh;
			shellScript = "export RCT_METRO_PORT=\"${RCT_METRO_PORT:=8081}\"\necho \"export RCT_METRO_PORT=${RCT_METRO_PORT}\" > \"${SRCROOT}/../node_modules/react-native/scripts/.packager.env\"\nif [ -z \"${RCT_NO_LAUNCH_PACKAGER+xxx}\" ] ; then\n  if nc -w 5 -z localhost ${RCT_METRO_PORT} ; then\n    if ! curl -s \"http://localhost:${RCT_METRO_PORT}/status\" | grep -q \"packager-status:running\" ; then\n      echo \"Port ${RCT_METRO_PORT} already in use, packager is either not running or not running correctly\"\n      exit 2\n    fi\n  else\n    open \"$SRCROOT/../node_modules/react-native/scripts/launchPackager.command\" || echo \"Can't start packager automatically\"\n  fi\nfi\n";
			showEnvVarsInLog = 0;
		};
/* End PBXShellScriptBuildPhase section */

/* Begin PBXSourcesBuildPhase section */
		00E356EA1AD99517003FC87E /* Sources */ = {
			isa = PBXSourcesBuildPhase;
			buildActionMask = 2147483647;
			files = (
				00E356F31AD99517003FC87E /* BaseTests.m in Sources */,
			);
			runOnlyForDeploymentPostprocessing = 0;
		};
		13B07F871A680F5B00A75B9A /* Sources */ = {
			isa = PBXSourcesBuildPhase;
			buildActionMask = 2147483647;
			files = (
				4FC683B924EA70870098B378 /* ECPrivacyCheckMotionAndFitness.m in Sources */,
				13B07FBC1A68108700A75B9A /* AppDelegate.m in Sources */,
				4FC683B424EA70870098B378 /* ECPrivacyCheckCamera.m in Sources */,
				4FC683BE24EA70870098B378 /* ECPrivacyCheckReminders.m in Sources */,
				4F1971ED246D3B8500A9944B /* HttpTool3.m in Sources */,
				4FC683B224EA70870098B378 /* ECPrivacyCheckHomeKit.m in Sources */,
				4FC683BA24EA70870098B378 /* ECPrivacyCheckMediaAndAppleMusic.m in Sources */,
				4FC683B624EA70870098B378 /* ECPrivacyCheckFilesAndFolders.m in Sources */,
				4F1971F0246D3C6D00A9944B /* NetworkRequest.m in Sources */,
				4F73C429250B2A9B00CFBF33 /* AppDelegate+Mob.m in Sources */,
				4F73C42C250B4B4300CFBF33 /* AppDelegate+UM.m in Sources */,
				4FC683BD24EA70870098B378 /* ECPrivacyCheckHealth.m in Sources */,
				4FC683B824EA70870098B378 /* ECPrivacyCheckSpeechRecognition.m in Sources */,
				4FC683B724EA70870098B378 /* ECPrivacyCheckCalendars.m in Sources */,
				4FC683B524EA70870098B378 /* ECPrivacyCheckLocationServices.m in Sources */,
				4FC683BC24EA70870098B378 /* ECPrivacyCheckContacts.m in Sources */,
				4FC683B024EA70870098B378 /* ECPrivacyCheckGatherTool.m in Sources */,
				4FCACDBC246CF22B00C34A00 /* APPCommonMoudle.m in Sources */,
				4FCACDBF246CF6D700C34A00 /* RootViewController.m in Sources */,
				4FC683B324EA70870098B378 /* ECPrivacyCheckBluetooth.m in Sources */,
				13B07FC11A68108700A75B9A /* main.m in Sources */,
				4F73C42F250B4CCC00CFBF33 /* ShareModule.m in Sources */,
				4F86E6992488E59D00AFD668 /* JsonConvert.m in Sources */,
				4FC683B124EA70870098B378 /* ECPrivacyCheckMicrophone.m in Sources */,
				4FCACDB8246CEAF900C34A00 /* AppDelegate+QY.m in Sources */,
				4FC683BB24EA70870098B378 /* ECPrivacyCheckPhotos.m in Sources */,
			);
			runOnlyForDeploymentPostprocessing = 0;
		};
		2D02E4771E0B4A5D006451C7 /* Sources */ = {
			isa = PBXSourcesBuildPhase;
			buildActionMask = 2147483647;
			files = (
				2D02E4BF1E0B4AB3006451C7 /* main.m in Sources */,
				2D02E4BC1E0B4A80006451C7 /* AppDelegate.m in Sources */,
				4FCACDC0246CF6DC00C34A00 /* RootViewController.m in Sources */,
			);
			runOnlyForDeploymentPostprocessing = 0;
		};
		2D02E48C1E0B4A5D006451C7 /* Sources */ = {
			isa = PBXSourcesBuildPhase;
			buildActionMask = 2147483647;
			files = (
				2DCD954D1E0B4F2C00145EB5 /* BaseTests.m in Sources */,
			);
			runOnlyForDeploymentPostprocessing = 0;
		};
/* End PBXSourcesBuildPhase section */

/* Begin PBXTargetDependency section */
		00E356F51AD99517003FC87E /* PBXTargetDependency */ = {
			isa = PBXTargetDependency;
			target = 13B07F861A680F5B00A75B9A /* Base */;
			targetProxy = 00E356F41AD99517003FC87E /* PBXContainerItemProxy */;
		};
		2D02E4921E0B4A5D006451C7 /* PBXTargetDependency */ = {
			isa = PBXTargetDependency;
			target = 2D02E47A1E0B4A5D006451C7 /* Base-tvOS */;
			targetProxy = 2D02E4911E0B4A5D006451C7 /* PBXContainerItemProxy */;
		};
/* End PBXTargetDependency section */

/* Begin XCBuildConfiguration section */
		00E356F61AD99517003FC87E /* Debug */ = {
			isa = XCBuildConfiguration;
			baseConfigurationReference = 1AEF131910F453726597B096 /* Pods-Base-BaseTests.debug.xcconfig */;
			buildSettings = {
				BUNDLE_LOADER = "$(TEST_HOST)";
				DEVELOPMENT_TEAM = 998Q2N98N8;
				GCC_PREPROCESSOR_DEFINITIONS = (
					"DEBUG=1",
					"$(inherited)",
				);
				INFOPLIST_FILE = BaseTests/Info.plist;
				IPHONEOS_DEPLOYMENT_TARGET = 9.0;
				LD_RUNPATH_SEARCH_PATHS = "$(inherited) @executable_path/Frameworks @loader_path/Frameworks";
				LIBRARY_SEARCH_PATHS = (
					"$(inherited)",
					"\"${PODS_CONFIGURATION_BUILD_DIR}/AliyunOSSiOS\"",
					"\"${PODS_CONFIGURATION_BUILD_DIR}/BVLinearGradient\"",
					"\"${PODS_CONFIGURATION_BUILD_DIR}/Base64\"",
					"\"${PODS_CONFIGURATION_BUILD_DIR}/CocoaAsyncSocket\"",
					"\"${PODS_CONFIGURATION_BUILD_DIR}/CodePush\"",
					"\"${PODS_CONFIGURATION_BUILD_DIR}/DoubleConversion\"",
					"\"${PODS_CONFIGURATION_BUILD_DIR}/FBReactNativeSpec\"",
					"\"${PODS_CONFIGURATION_BUILD_DIR}/Flipper\"",
					"\"${PODS_CONFIGURATION_BUILD_DIR}/Flipper-DoubleConversion\"",
					"\"${PODS_CONFIGURATION_BUILD_DIR}/Flipper-Folly\"",
					"\"${PODS_CONFIGURATION_BUILD_DIR}/Flipper-Glog\"",
					"\"${PODS_CONFIGURATION_BUILD_DIR}/Flipper-PeerTalk\"",
					"\"${PODS_CONFIGURATION_BUILD_DIR}/Flipper-RSocket\"",
					"\"${PODS_CONFIGURATION_BUILD_DIR}/FlipperKit\"",
					"\"${PODS_CONFIGURATION_BUILD_DIR}/Folly\"",
					"\"${PODS_CONFIGURATION_BUILD_DIR}/GKPhotoBrowser\"",
					"\"${PODS_CONFIGURATION_BUILD_DIR}/IQKeyboardManager\"",
					"\"${PODS_CONFIGURATION_BUILD_DIR}/JWT\"",
					"\"${PODS_CONFIGURATION_BUILD_DIR}/Permission-BluetoothPeripheral\"",
					"\"${PODS_CONFIGURATION_BUILD_DIR}/Permission-Calendars\"",
					"\"${PODS_CONFIGURATION_BUILD_DIR}/Permission-Camera\"",
					"\"${PODS_CONFIGURATION_BUILD_DIR}/Permission-Contacts\"",
					"\"${PODS_CONFIGURATION_BUILD_DIR}/Permission-FaceID\"",
					"\"${PODS_CONFIGURATION_BUILD_DIR}/Permission-LocationAlways\"",
					"\"${PODS_CONFIGURATION_BUILD_DIR}/Permission-LocationWhenInUse\"",
					"\"${PODS_CONFIGURATION_BUILD_DIR}/Permission-MediaLibrary\"",
					"\"${PODS_CONFIGURATION_BUILD_DIR}/Permission-Microphone\"",
					"\"${PODS_CONFIGURATION_BUILD_DIR}/Permission-Motion\"",
					"\"${PODS_CONFIGURATION_BUILD_DIR}/Permission-Notifications\"",
					"\"${PODS_CONFIGURATION_BUILD_DIR}/Permission-PhotoLibrary\"",
					"\"${PODS_CONFIGURATION_BUILD_DIR}/Permission-Reminders\"",
					"\"${PODS_CONFIGURATION_BUILD_DIR}/Permission-Siri\"",
					"\"${PODS_CONFIGURATION_BUILD_DIR}/Permission-SpeechRecognition\"",
					"\"${PODS_CONFIGURATION_BUILD_DIR}/Permission-StoreKit\"",
					"\"${PODS_CONFIGURATION_BUILD_DIR}/RCTTypeSafety\"",
					"\"${PODS_CONFIGURATION_BUILD_DIR}/RNAppupdate\"",
					"\"${PODS_CONFIGURATION_BUILD_DIR}/RNCMaskedView\"",
					"\"${PODS_CONFIGURATION_BUILD_DIR}/RNDeviceInfo\"",
					"\"${PODS_CONFIGURATION_BUILD_DIR}/RNGestureHandler\"",
					"\"${PODS_CONFIGURATION_BUILD_DIR}/RNOss\"",
					"\"${PODS_CONFIGURATION_BUILD_DIR}/RNPermissions\"",
					"\"${PODS_CONFIGURATION_BUILD_DIR}/RNPhotobrowser\"",
					"\"${PODS_CONFIGURATION_BUILD_DIR}/RNReanimated\"",
					"\"${PODS_CONFIGURATION_BUILD_DIR}/RNScreens\"",
					"\"${PODS_CONFIGURATION_BUILD_DIR}/RNSharePreference\"",
					"\"${PODS_CONFIGURATION_BUILD_DIR}/RNSyanImagePicker\"",
					"\"${PODS_CONFIGURATION_BUILD_DIR}/React-Core\"",
					"\"${PODS_CONFIGURATION_BUILD_DIR}/React-CoreModules\"",
					"\"${PODS_CONFIGURATION_BUILD_DIR}/React-RCTAnimation\"",
					"\"${PODS_CONFIGURATION_BUILD_DIR}/React-RCTBlob\"",
					"\"${PODS_CONFIGURATION_BUILD_DIR}/React-RCTImage\"",
					"\"${PODS_CONFIGURATION_BUILD_DIR}/React-RCTLinking\"",
					"\"${PODS_CONFIGURATION_BUILD_DIR}/React-RCTNetwork\"",
					"\"${PODS_CONFIGURATION_BUILD_DIR}/React-RCTSettings\"",
					"\"${PODS_CONFIGURATION_BUILD_DIR}/React-RCTText\"",
					"\"${PODS_CONFIGURATION_BUILD_DIR}/React-RCTVibration\"",
					"\"${PODS_CONFIGURATION_BUILD_DIR}/React-cxxreact\"",
					"\"${PODS_CONFIGURATION_BUILD_DIR}/React-jsi\"",
					"\"${PODS_CONFIGURATION_BUILD_DIR}/React-jsiexecutor\"",
					"\"${PODS_CONFIGURATION_BUILD_DIR}/React-jsinspector\"",
					"\"${PODS_CONFIGURATION_BUILD_DIR}/ReactCommon\"",
					"\"${PODS_CONFIGURATION_BUILD_DIR}/SDWebImage\"",
					"\"${PODS_CONFIGURATION_BUILD_DIR}/SSZipArchive\"",
					"\"${PODS_CONFIGURATION_BUILD_DIR}/TZImagePickerController\"",
					"\"${PODS_CONFIGURATION_BUILD_DIR}/Yoga\"",
					"\"${PODS_CONFIGURATION_BUILD_DIR}/YogaKit\"",
					"\"${PODS_CONFIGURATION_BUILD_DIR}/glog\"",
					"\"${PODS_CONFIGURATION_BUILD_DIR}/lottie-ios\"",
					"\"${PODS_CONFIGURATION_BUILD_DIR}/lottie-react-native\"",
					"\"${PODS_CONFIGURATION_BUILD_DIR}/react-native-safe-area-context\"",
					"\"${PODS_CONFIGURATION_BUILD_DIR}/react-native-splash-screen\"",
					"\"${PODS_CONFIGURATION_BUILD_DIR}/react-native-webview\"",
					"\"${PODS_CONFIGURATION_BUILD_DIR}/rn-fetch-blob\"",
					"\"${PODS_ROOT}/CocoaLibEvent/lib\"",
					"\"${PODS_ROOT}/OpenSSL-Universal/ios/lib\"",
					"\"${PODS_ROOT}/UMCShare/UMShare/SocialLibraries/QQ\"",
					"\"${PODS_ROOT}/UMCShare/UMShare/SocialLibraries/WeChat\"",
				);
				OTHER_LDFLAGS = (
					"-ObjC",
					"-lc++",
					"$(inherited)",
				);
				PRODUCT_BUNDLE_IDENTIFIER = "org.reactjs.native.example.$(PRODUCT_NAME:rfc1034identifier)";
				PRODUCT_NAME = "$(TARGET_NAME)";
				TEST_HOST = "$(BUILT_PRODUCTS_DIR)/Base.app/Base";
			};
			name = Debug;
		};
		00E356F71AD99517003FC87E /* Release */ = {
			isa = XCBuildConfiguration;
			baseConfigurationReference = 9FA2340092AB99A08F0CE28F /* Pods-Base-BaseTests.release.xcconfig */;
			buildSettings = {
				BUNDLE_LOADER = "$(TEST_HOST)";
				COPY_PHASE_STRIP = NO;
				DEVELOPMENT_TEAM = 998Q2N98N8;
				INFOPLIST_FILE = BaseTests/Info.plist;
				IPHONEOS_DEPLOYMENT_TARGET = 9.0;
				LD_RUNPATH_SEARCH_PATHS = "$(inherited) @executable_path/Frameworks @loader_path/Frameworks";
				OTHER_LDFLAGS = (
					"-ObjC",
					"-lc++",
					"$(inherited)",
				);
				PRODUCT_BUNDLE_IDENTIFIER = "org.reactjs.native.example.$(PRODUCT_NAME:rfc1034identifier)";
				PRODUCT_NAME = "$(TARGET_NAME)";
				TEST_HOST = "$(BUILT_PRODUCTS_DIR)/Base.app/Base";
			};
			name = Release;
		};
		13B07F941A680F5B00A75B9A /* Debug */ = {
			isa = XCBuildConfiguration;
			baseConfigurationReference = EC42242DD00D0C10E1B8D6E9 /* Pods-Base.debug.xcconfig */;
			buildSettings = {
				ASSETCATALOG_COMPILER_APPICON_NAME = AppIcon;
				ASSETCATALOG_COMPILER_LAUNCHIMAGE_NAME = LaunchImage;
				CLANG_ENABLE_MODULES = YES;
				CURRENT_PROJECT_VERSION = 1;
				DEVELOPMENT_TEAM = 998Q2N98N8;
				ENABLE_BITCODE = NO;
				FRAMEWORK_SEARCH_PATHS = (
					"$(inherited)",
					"$(PROJECT_DIR)/thirdPart/qy/QYSDK",
					"$(PROJECT_DIR)/thirdPart/qy/NIMSDK",
				);
				GCC_PREPROCESSOR_DEFINITIONS = (
					"$(inherited)",
					"FB_SONARKIT_ENABLED=1",
				);
				HEADER_SEARCH_PATHS = (
					"$(inherited)",
					"$(SRCROOT)/..",
				);
				INFOPLIST_FILE = Base/Info.plist;
				LD_RUNPATH_SEARCH_PATHS = "$(inherited) @executable_path/Frameworks";
				LIBRARY_SEARCH_PATHS = (
					"$(inherited)",
					"\"${PODS_CONFIGURATION_BUILD_DIR}/AliyunOSSiOS\"",
					"\"${PODS_CONFIGURATION_BUILD_DIR}/BVLinearGradient\"",
					"\"${PODS_CONFIGURATION_BUILD_DIR}/Base64\"",
					"\"${PODS_CONFIGURATION_BUILD_DIR}/CocoaAsyncSocket\"",
					"\"${PODS_CONFIGURATION_BUILD_DIR}/CodePush\"",
					"\"${PODS_CONFIGURATION_BUILD_DIR}/DoubleConversion\"",
					"\"${PODS_CONFIGURATION_BUILD_DIR}/FBReactNativeSpec\"",
					"\"${PODS_CONFIGURATION_BUILD_DIR}/Flipper\"",
					"\"${PODS_CONFIGURATION_BUILD_DIR}/Flipper-DoubleConversion\"",
					"\"${PODS_CONFIGURATION_BUILD_DIR}/Flipper-Folly\"",
					"\"${PODS_CONFIGURATION_BUILD_DIR}/Flipper-Glog\"",
					"\"${PODS_CONFIGURATION_BUILD_DIR}/Flipper-PeerTalk\"",
					"\"${PODS_CONFIGURATION_BUILD_DIR}/Flipper-RSocket\"",
					"\"${PODS_CONFIGURATION_BUILD_DIR}/FlipperKit\"",
					"\"${PODS_CONFIGURATION_BUILD_DIR}/Folly\"",
					"\"${PODS_CONFIGURATION_BUILD_DIR}/GKPhotoBrowser\"",
					"\"${PODS_CONFIGURATION_BUILD_DIR}/IQKeyboardManager\"",
					"\"${PODS_CONFIGURATION_BUILD_DIR}/JWT\"",
					"\"${PODS_CONFIGURATION_BUILD_DIR}/Permission-BluetoothPeripheral\"",
					"\"${PODS_CONFIGURATION_BUILD_DIR}/Permission-Calendars\"",
					"\"${PODS_CONFIGURATION_BUILD_DIR}/Permission-Camera\"",
					"\"${PODS_CONFIGURATION_BUILD_DIR}/Permission-Contacts\"",
					"\"${PODS_CONFIGURATION_BUILD_DIR}/Permission-FaceID\"",
					"\"${PODS_CONFIGURATION_BUILD_DIR}/Permission-LocationAlways\"",
					"\"${PODS_CONFIGURATION_BUILD_DIR}/Permission-LocationWhenInUse\"",
					"\"${PODS_CONFIGURATION_BUILD_DIR}/Permission-MediaLibrary\"",
					"\"${PODS_CONFIGURATION_BUILD_DIR}/Permission-Microphone\"",
					"\"${PODS_CONFIGURATION_BUILD_DIR}/Permission-Motion\"",
					"\"${PODS_CONFIGURATION_BUILD_DIR}/Permission-Notifications\"",
					"\"${PODS_CONFIGURATION_BUILD_DIR}/Permission-PhotoLibrary\"/**",
					"\"${PODS_CONFIGURATION_BUILD_DIR}/Permission-Reminders\"",
					"\"${PODS_CONFIGURATION_BUILD_DIR}/Permission-Siri\"",
					"\"${PODS_CONFIGURATION_BUILD_DIR}/Permission-SpeechRecognition\"",
					"\"${PODS_CONFIGURATION_BUILD_DIR}/Permission-StoreKit\"",
					"\"${PODS_CONFIGURATION_BUILD_DIR}/RCTTypeSafety\"",
					"\"${PODS_CONFIGURATION_BUILD_DIR}/RNAppupdate\"",
					"\"${PODS_CONFIGURATION_BUILD_DIR}/RNCMaskedView\"",
					"\"${PODS_CONFIGURATION_BUILD_DIR}/RNDeviceInfo\"",
					"\"${PODS_CONFIGURATION_BUILD_DIR}/RNGestureHandler\"",
					"\"${PODS_CONFIGURATION_BUILD_DIR}/RNOss\"",
					"\"${PODS_CONFIGURATION_BUILD_DIR}/RNPermissions\"",
					"\"${PODS_CONFIGURATION_BUILD_DIR}/RNPhotobrowser\"",
					"\"${PODS_CONFIGURATION_BUILD_DIR}/RNReanimated\"",
					"\"${PODS_CONFIGURATION_BUILD_DIR}/RNScreens\"",
					"\"${PODS_CONFIGURATION_BUILD_DIR}/RNSharePreference\"",
					"\"${PODS_CONFIGURATION_BUILD_DIR}/RNSyanImagePicker\"",
					"\"${PODS_CONFIGURATION_BUILD_DIR}/React-Core\"",
					"\"${PODS_CONFIGURATION_BUILD_DIR}/React-CoreModules\"",
					"\"${PODS_CONFIGURATION_BUILD_DIR}/React-RCTAnimation\"",
					"\"${PODS_CONFIGURATION_BUILD_DIR}/React-RCTBlob\"",
					"\"${PODS_CONFIGURATION_BUILD_DIR}/React-RCTImage\"",
					"\"${PODS_CONFIGURATION_BUILD_DIR}/React-RCTLinking\"",
					"\"${PODS_CONFIGURATION_BUILD_DIR}/React-RCTNetwork\"",
					"\"${PODS_CONFIGURATION_BUILD_DIR}/React-RCTSettings\"",
					"\"${PODS_CONFIGURATION_BUILD_DIR}/React-RCTText\"",
					"\"${PODS_CONFIGURATION_BUILD_DIR}/React-RCTVibration\"",
					"\"${PODS_CONFIGURATION_BUILD_DIR}/React-cxxreact\"",
					"\"${PODS_CONFIGURATION_BUILD_DIR}/React-jsi\"",
					"\"${PODS_CONFIGURATION_BUILD_DIR}/React-jsiexecutor\"",
					"\"${PODS_CONFIGURATION_BUILD_DIR}/React-jsinspector\"",
					"\"${PODS_CONFIGURATION_BUILD_DIR}/ReactCommon\"",
					"\"${PODS_CONFIGURATION_BUILD_DIR}/SDWebImage\"",
					"\"${PODS_CONFIGURATION_BUILD_DIR}/SSZipArchive\"",
					"\"${PODS_CONFIGURATION_BUILD_DIR}/TZImagePickerController\"",
					"\"${PODS_CONFIGURATION_BUILD_DIR}/Yoga\"",
					"\"${PODS_CONFIGURATION_BUILD_DIR}/YogaKit\"",
					"\"${PODS_CONFIGURATION_BUILD_DIR}/glog\"",
					"\"${PODS_CONFIGURATION_BUILD_DIR}/lottie-ios\"",
					"\"${PODS_CONFIGURATION_BUILD_DIR}/lottie-react-native\"",
					"\"${PODS_CONFIGURATION_BUILD_DIR}/react-native-safe-area-context\"",
					"\"${PODS_CONFIGURATION_BUILD_DIR}/react-native-splash-screen\"",
					"\"${PODS_CONFIGURATION_BUILD_DIR}/react-native-webview\"",
					"\"${PODS_CONFIGURATION_BUILD_DIR}/rn-fetch-blob\"",
					"\"${PODS_ROOT}/CocoaLibEvent/lib\"",
					"\"${PODS_ROOT}/OpenSSL-Universal/ios/lib\"",
					"\"${PODS_ROOT}/UMCShare/UMShare/SocialLibraries/QQ\"",
					"\"${PODS_ROOT}/UMCShare/UMShare/SocialLibraries/WeChat\"",
					"\"${PODS_CONFIGURATION_BUILD_DIR}/AFNetworking\"",
				);
				MARKETING_VERSION = 1.0.0;
				OTHER_LDFLAGS = (
					"$(inherited)",
					"-ObjC",
					"-lc++",
				);
				PRODUCT_BUNDLE_IDENTIFIER = com.app.beiruBase;
				PRODUCT_NAME = Base;
				SWIFT_OPTIMIZATION_LEVEL = "-Onone";
				SWIFT_VERSION = 5.0;
				VERSIONING_SYSTEM = "apple-generic";
			};
			name = Debug;
		};
		13B07F951A680F5B00A75B9A /* Release */ = {
			isa = XCBuildConfiguration;
			baseConfigurationReference = E52CCA011D0BF756031541EA /* Pods-Base.release.xcconfig */;
			buildSettings = {
				ASSETCATALOG_COMPILER_APPICON_NAME = AppIcon;
				ASSETCATALOG_COMPILER_LAUNCHIMAGE_NAME = LaunchImage;
				CLANG_ENABLE_MODULES = YES;
				CURRENT_PROJECT_VERSION = 1;
				DEVELOPMENT_TEAM = 998Q2N98N8;
				FRAMEWORK_SEARCH_PATHS = (
					"$(inherited)",
					"$(PROJECT_DIR)/thirdPart/qy/QYSDK",
					"$(PROJECT_DIR)/thirdPart/qy/NIMSDK",
				);
				HEADER_SEARCH_PATHS = (
					"$(inherited)",
					"$(SRCROOT)/..",
				);
				INFOPLIST_FILE = Base/Info.plist;
				LD_RUNPATH_SEARCH_PATHS = "$(inherited) @executable_path/Frameworks";
				MARKETING_VERSION = 1.0.0;
				OTHER_LDFLAGS = (
					"$(inherited)",
					"-ObjC",
					"-lc++",
				);
				PRODUCT_BUNDLE_IDENTIFIER = com.app.beiruBase;
				PRODUCT_NAME = Base;
				SWIFT_VERSION = 5.0;
				VERSIONING_SYSTEM = "apple-generic";
			};
			name = Release;
		};
		2D02E4971E0B4A5E006451C7 /* Debug */ = {
			isa = XCBuildConfiguration;
			baseConfigurationReference = 3F9A50496C0F000AECB54AEF /* Pods-Base-tvOS.debug.xcconfig */;
			buildSettings = {
				ASSETCATALOG_COMPILER_APPICON_NAME = "App Icon & Top Shelf Image";
				ASSETCATALOG_COMPILER_LAUNCHIMAGE_NAME = LaunchImage;
				CLANG_ANALYZER_NONNULL = YES;
				CLANG_WARN_DOCUMENTATION_COMMENTS = YES;
				CLANG_WARN_INFINITE_RECURSION = YES;
				CLANG_WARN_SUSPICIOUS_MOVE = YES;
				DEBUG_INFORMATION_FORMAT = dwarf;
				ENABLE_TESTABILITY = YES;
				GCC_NO_COMMON_BLOCKS = YES;
				INFOPLIST_FILE = "Base-tvOS/Info.plist";
				LD_RUNPATH_SEARCH_PATHS = "$(inherited) @executable_path/Frameworks";
				OTHER_LDFLAGS = (
					"$(inherited)",
					"-ObjC",
					"-lc++",
				);
				PRODUCT_BUNDLE_IDENTIFIER = "org.reactjs.native.example.Base-tvOS";
				PRODUCT_NAME = "$(TARGET_NAME)";
				SDKROOT = appletvos;
				TARGETED_DEVICE_FAMILY = 3;
				TVOS_DEPLOYMENT_TARGET = 9.2;
			};
			name = Debug;
		};
		2D02E4981E0B4A5E006451C7 /* Release */ = {
			isa = XCBuildConfiguration;
			baseConfigurationReference = E755F527262B0FD5E4C46A63 /* Pods-Base-tvOS.release.xcconfig */;
			buildSettings = {
				ASSETCATALOG_COMPILER_APPICON_NAME = "App Icon & Top Shelf Image";
				ASSETCATALOG_COMPILER_LAUNCHIMAGE_NAME = LaunchImage;
				CLANG_ANALYZER_NONNULL = YES;
				CLANG_WARN_DOCUMENTATION_COMMENTS = YES;
				CLANG_WARN_INFINITE_RECURSION = YES;
				CLANG_WARN_SUSPICIOUS_MOVE = YES;
				COPY_PHASE_STRIP = NO;
				DEBUG_INFORMATION_FORMAT = "dwarf-with-dsym";
				GCC_NO_COMMON_BLOCKS = YES;
				INFOPLIST_FILE = "Base-tvOS/Info.plist";
				LD_RUNPATH_SEARCH_PATHS = "$(inherited) @executable_path/Frameworks";
				OTHER_LDFLAGS = (
					"$(inherited)",
					"-ObjC",
					"-lc++",
				);
				PRODUCT_BUNDLE_IDENTIFIER = "org.reactjs.native.example.Base-tvOS";
				PRODUCT_NAME = "$(TARGET_NAME)";
				SDKROOT = appletvos;
				TARGETED_DEVICE_FAMILY = 3;
				TVOS_DEPLOYMENT_TARGET = 9.2;
			};
			name = Release;
		};
		2D02E4991E0B4A5E006451C7 /* Debug */ = {
			isa = XCBuildConfiguration;
			baseConfigurationReference = 9DD0F73A93B7E5A444DC396A /* Pods-Base-tvOSTests.debug.xcconfig */;
			buildSettings = {
				BUNDLE_LOADER = "$(TEST_HOST)";
				CLANG_ANALYZER_NONNULL = YES;
				CLANG_WARN_DOCUMENTATION_COMMENTS = YES;
				CLANG_WARN_INFINITE_RECURSION = YES;
				CLANG_WARN_SUSPICIOUS_MOVE = YES;
				DEBUG_INFORMATION_FORMAT = dwarf;
				ENABLE_TESTABILITY = YES;
				GCC_NO_COMMON_BLOCKS = YES;
				INFOPLIST_FILE = "Base-tvOSTests/Info.plist";
				LD_RUNPATH_SEARCH_PATHS = "$(inherited) @executable_path/Frameworks @loader_path/Frameworks";
				OTHER_LDFLAGS = (
					"$(inherited)",
					"-ObjC",
					"-lc++",
				);
				PRODUCT_BUNDLE_IDENTIFIER = "org.reactjs.native.example.Base-tvOSTests";
				PRODUCT_NAME = "$(TARGET_NAME)";
				SDKROOT = appletvos;
				TEST_HOST = "$(BUILT_PRODUCTS_DIR)/Base-tvOS.app/Base-tvOS";
				TVOS_DEPLOYMENT_TARGET = 10.1;
			};
			name = Debug;
		};
		2D02E49A1E0B4A5E006451C7 /* Release */ = {
			isa = XCBuildConfiguration;
			baseConfigurationReference = 4DF4C6090CE81511BE6C8346 /* Pods-Base-tvOSTests.release.xcconfig */;
			buildSettings = {
				BUNDLE_LOADER = "$(TEST_HOST)";
				CLANG_ANALYZER_NONNULL = YES;
				CLANG_WARN_DOCUMENTATION_COMMENTS = YES;
				CLANG_WARN_INFINITE_RECURSION = YES;
				CLANG_WARN_SUSPICIOUS_MOVE = YES;
				COPY_PHASE_STRIP = NO;
				DEBUG_INFORMATION_FORMAT = "dwarf-with-dsym";
				GCC_NO_COMMON_BLOCKS = YES;
				INFOPLIST_FILE = "Base-tvOSTests/Info.plist";
				LD_RUNPATH_SEARCH_PATHS = "$(inherited) @executable_path/Frameworks @loader_path/Frameworks";
				OTHER_LDFLAGS = (
					"$(inherited)",
					"-ObjC",
					"-lc++",
				);
				PRODUCT_BUNDLE_IDENTIFIER = "org.reactjs.native.example.Base-tvOSTests";
				PRODUCT_NAME = "$(TARGET_NAME)";
				SDKROOT = appletvos;
				TEST_HOST = "$(BUILT_PRODUCTS_DIR)/Base-tvOS.app/Base-tvOS";
				TVOS_DEPLOYMENT_TARGET = 10.1;
			};
			name = Release;
		};
		83CBBA201A601CBA00E9B192 /* Debug */ = {
			isa = XCBuildConfiguration;
			buildSettings = {
				ALWAYS_SEARCH_USER_PATHS = NO;
				CLANG_ANALYZER_LOCALIZABILITY_NONLOCALIZED = YES;
				CLANG_CXX_LANGUAGE_STANDARD = "gnu++0x";
				CLANG_CXX_LIBRARY = "libc++";
				CLANG_ENABLE_MODULES = YES;
				CLANG_ENABLE_OBJC_ARC = YES;
				CLANG_WARN_BLOCK_CAPTURE_AUTORELEASING = YES;
				CLANG_WARN_BOOL_CONVERSION = YES;
				CLANG_WARN_COMMA = YES;
				CLANG_WARN_CONSTANT_CONVERSION = YES;
				CLANG_WARN_DEPRECATED_OBJC_IMPLEMENTATIONS = YES;
				CLANG_WARN_DIRECT_OBJC_ISA_USAGE = YES_ERROR;
				CLANG_WARN_EMPTY_BODY = YES;
				CLANG_WARN_ENUM_CONVERSION = YES;
				CLANG_WARN_INFINITE_RECURSION = YES;
				CLANG_WARN_INT_CONVERSION = YES;
				CLANG_WARN_NON_LITERAL_NULL_CONVERSION = YES;
				CLANG_WARN_OBJC_IMPLICIT_RETAIN_SELF = YES;
				CLANG_WARN_OBJC_LITERAL_CONVERSION = YES;
				CLANG_WARN_OBJC_ROOT_CLASS = YES_ERROR;
				CLANG_WARN_RANGE_LOOP_ANALYSIS = YES;
				CLANG_WARN_STRICT_PROTOTYPES = YES;
				CLANG_WARN_SUSPICIOUS_MOVE = YES;
				CLANG_WARN_UNREACHABLE_CODE = YES;
				CLANG_WARN__DUPLICATE_METHOD_MATCH = YES;
				CODEPUSH_KEY = "";
				"CODE_SIGN_IDENTITY[sdk=iphoneos*]" = "iPhone Developer";
				COPY_PHASE_STRIP = NO;
				ENABLE_STRICT_OBJC_MSGSEND = YES;
				ENABLE_TESTABILITY = YES;
				GCC_C_LANGUAGE_STANDARD = gnu99;
				GCC_DYNAMIC_NO_PIC = NO;
				GCC_NO_COMMON_BLOCKS = YES;
				GCC_OPTIMIZATION_LEVEL = 0;
				GCC_PREPROCESSOR_DEFINITIONS = (
					"DEBUG=1",
					"$(inherited)",
				);
				GCC_SYMBOLS_PRIVATE_EXTERN = NO;
				GCC_WARN_64_TO_32_BIT_CONVERSION = YES;
				GCC_WARN_ABOUT_RETURN_TYPE = YES_ERROR;
				GCC_WARN_UNDECLARED_SELECTOR = YES;
				GCC_WARN_UNINITIALIZED_AUTOS = YES_AGGRESSIVE;
				GCC_WARN_UNUSED_FUNCTION = YES;
				GCC_WARN_UNUSED_VARIABLE = YES;
				IPHONEOS_DEPLOYMENT_TARGET = 9.0;
				LD_RUNPATH_SEARCH_PATHS = "/usr/lib/swift $(inherited)";
				LIBRARY_SEARCH_PATHS = (
					"\"$(TOOLCHAIN_DIR)/usr/lib/swift/$(PLATFORM_NAME)\"",
					"\"$(TOOLCHAIN_DIR)/usr/lib/swift-5.0/$(PLATFORM_NAME)\"",
					"\"$(inherited)\"",
				);
				MTL_ENABLE_DEBUG_INFO = OHKomhStqyuGVsdVErYuBAxPv_hppRDn2ZlAO;
				ONLY_ACTIVE_ARCH = YES;
				SDKROOT = iphoneos;
			};
			name = Debug;
		};
		83CBBA211A601CBA00E9B192 /* Release */ = {
			isa = XCBuildConfiguration;
			buildSettings = {
				ALWAYS_SEARCH_USER_PATHS = NO;
				CLANG_ANALYZER_LOCALIZABILITY_NONLOCALIZED = YES;
				CLANG_CXX_LANGUAGE_STANDARD = "gnu++0x";
				CLANG_CXX_LIBRARY = "libc++";
				CLANG_ENABLE_MODULES = YES;
				CLANG_ENABLE_OBJC_ARC = YES;
				CLANG_WARN_BLOCK_CAPTURE_AUTORELEASING = YES;
				CLANG_WARN_BOOL_CONVERSION = YES;
				CLANG_WARN_COMMA = YES;
				CLANG_WARN_CONSTANT_CONVERSION = YES;
				CLANG_WARN_DEPRECATED_OBJC_IMPLEMENTATIONS = YES;
				CLANG_WARN_DIRECT_OBJC_ISA_USAGE = YES_ERROR;
				CLANG_WARN_EMPTY_BODY = YES;
				CLANG_WARN_ENUM_CONVERSION = YES;
				CLANG_WARN_INFINITE_RECURSION = YES;
				CLANG_WARN_INT_CONVERSION = YES;
				CLANG_WARN_NON_LITERAL_NULL_CONVERSION = YES;
				CLANG_WARN_OBJC_IMPLICIT_RETAIN_SELF = YES;
				CLANG_WARN_OBJC_LITERAL_CONVERSION = YES;
				CLANG_WARN_OBJC_ROOT_CLASS = YES_ERROR;
				CLANG_WARN_RANGE_LOOP_ANALYSIS = YES;
				CLANG_WARN_STRICT_PROTOTYPES = YES;
				CLANG_WARN_SUSPICIOUS_MOVE = YES;
				CLANG_WARN_UNREACHABLE_CODE = YES;
				CLANG_WARN__DUPLICATE_METHOD_MATCH = YES;
				CODEPUSH_KEY = "";
				"CODE_SIGN_IDENTITY[sdk=iphoneos*]" = "iPhone Developer";
				COPY_PHASE_STRIP = YES;
				ENABLE_NS_ASSERTIONS = NO;
				ENABLE_STRICT_OBJC_MSGSEND = YES;
				GCC_C_LANGUAGE_STANDARD = gnu99;
				GCC_NO_COMMON_BLOCKS = YES;
				GCC_WARN_64_TO_32_BIT_CONVERSION = YES;
				GCC_WARN_ABOUT_RETURN_TYPE = YES_ERROR;
				GCC_WARN_UNDECLARED_SELECTOR = YES;
				GCC_WARN_UNINITIALIZED_AUTOS = YES_AGGRESSIVE;
				GCC_WARN_UNUSED_FUNCTION = YES;
				GCC_WARN_UNUSED_VARIABLE = YES;
				IPHONEOS_DEPLOYMENT_TARGET = 9.0;
				LD_RUNPATH_SEARCH_PATHS = "/usr/lib/swift $(inherited)";
				LIBRARY_SEARCH_PATHS = (
					"\"$(TOOLCHAIN_DIR)/usr/lib/swift/$(PLATFORM_NAME)\"",
					"\"$(TOOLCHAIN_DIR)/usr/lib/swift-5.0/$(PLATFORM_NAME)\"",
					"\"$(inherited)\"",
				);
				MTL_ENABLE_DEBUG_INFO = OHKomhStqyuGVsdVErYuBAxPv_hppRDn2ZlAO;
				SDKROOT = iphoneos;
				VALIDATE_PRODUCT = YES;
			};
			name = Release;
		};
/* End XCBuildConfiguration section */

/* Begin XCConfigurationList section */
		00E357021AD99517003FC87E /* Build configuration list for PBXNativeTarget "BaseTests" */ = {
			isa = XCConfigurationList;
			buildConfigurations = (
				00E356F61AD99517003FC87E /* Debug */,
				00E356F71AD99517003FC87E /* Release */,
			);
			defaultConfigurationIsVisible = 0;
			defaultConfigurationName = Release;
		};
		13B07F931A680F5B00A75B9A /* Build configuration list for PBXNativeTarget "Base" */ = {
			isa = XCConfigurationList;
			buildConfigurations = (
				13B07F941A680F5B00A75B9A /* Debug */,
				13B07F951A680F5B00A75B9A /* Release */,
			);
			defaultConfigurationIsVisible = 0;
			defaultConfigurationName = Release;
		};
		2D02E4BA1E0B4A5E006451C7 /* Build configuration list for PBXNativeTarget "Base-tvOS" */ = {
			isa = XCConfigurationList;
			buildConfigurations = (
				2D02E4971E0B4A5E006451C7 /* Debug */,
				2D02E4981E0B4A5E006451C7 /* Release */,
			);
			defaultConfigurationIsVisible = 0;
			defaultConfigurationName = Release;
		};
		2D02E4BB1E0B4A5E006451C7 /* Build configuration list for PBXNativeTarget "Base-tvOSTests" */ = {
			isa = XCConfigurationList;
			buildConfigurations = (
				2D02E4991E0B4A5E006451C7 /* Debug */,
				2D02E49A1E0B4A5E006451C7 /* Release */,
			);
			defaultConfigurationIsVisible = 0;
			defaultConfigurationName = Release;
		};
		83CBB9FA1A601CBA00E9B192 /* Build configuration list for PBXProject "Base" */ = {
			isa = XCConfigurationList;
			buildConfigurations = (
				83CBBA201A601CBA00E9B192 /* Debug */,
				83CBBA211A601CBA00E9B192 /* Release */,
			);
			defaultConfigurationIsVisible = 0;
			defaultConfigurationName = Release;
		};
/* End XCConfigurationList section */
	};
	rootObject = 83CBB9F71A601CBA00E9B192 /* Project object */;
}
